
Microsoft Visual Studio Solution File, Format Version 12.00
# Visual Studio 14
VisualStudioVersion = 14.0.24720.0
MinimumVisualStudioVersion = 10.0.40219.1
Project("{8BC9CEB8-8B4A-11D0-8D11-00A0C91BC942}") = "SerializerJSON", "Projects\Visual2015\SerializerJSON\SerializerJSON.vcxproj", "{D8738375-5855-4241-8CB9-63FFE08E1B96}"
EndProject
Project("{2150E333-8FDC-42A3-9474-1A3956D46DE8}") = "Serialization", "Serialization", "{E69067E0-4911-4971-8702-3E7517C264E3}"
EndProject
Project("{8BC9CEB8-8B4A-11D0-8D11-00A0C91BC942}") = "SerializerXML", "Projects\Visual2015\SerializerXML\SerializerXML.vcxproj", "{91CC6D16-F22C-434A-95E0-35EE857054C7}"
EndProject
Project("{8BC9CEB8-8B4A-11D0-8D11-00A0C91BC942}") = "Reflection", "Projects\Visual2015\Reflection\Reflection.vcxproj", "{59FA8028-2346-4246-854F-14DCFAB6AB56}"
EndProject
Project("{8BC9CEB8-8B4A-11D0-8D11-00A0C91BC942}") = "CommonBase", "Projects\Visual2015\CommonBase\CommonBase.vcxproj", "{9ABCBAB4-05B4-47C5-B5D8-F201559FD096}"
EndProject
Project("{8BC9CEB8-8B4A-11D0-8D11-00A0C91BC942}") = "Serialization", "Projects\Visual2015\Serialization\Serialization.vcxproj", "{561754CB-295D-4D69-8DBC-BC069D1A636A}"
EndProject
Project("{2150E333-8FDC-42A3-9474-1A3956D46DE8}") = "Tests", "Tests", "{236BB984-A2C6-4873-9160-8D6FE7DB0B34}"
EndProject
Project("{8BC9CEB8-8B4A-11D0-8D11-00A0C91BC942}") = "SerializationXMLTest", "Projects\Visual2015\Tests\Serialization\SerializationXML\SerializationXML.vcxproj", "{C3291F70-58A1-48AD-BA9A-A8A9B176EA70}"
EndProject
Project("{8BC9CEB8-8B4A-11D0-8D11-00A0C91BC942}") = "SerializationJSONTest", "Projects\Visual2015\Tests\Serialization\SerializationJSON\SerializationJSON.vcxproj", "{DB1936FB-7267-4EE8-8F96-E4BB79CCE7ED}"
EndProject
Project("{8BC9CEB8-8B4A-11D0-8D11-00A0C91BC942}") = "UnitTestRTTR", "Projects\Visual2015\Tests\UnitTestRTTR\UnitTestRTTR.vcxproj", "{3F6348E2-4621-45C6-AD8D-91B8BE4C9072}"
EndProject
Project("{8BC9CEB8-8B4A-11D0-8D11-00A0C91BC942}") = "ParameterAnimation", "Projects\Visual2015\ParameterAnimation\ParameterAnimation.vcxproj", "{7AAE81D3-4848-4F34-A1F2-F8F9E24E5773}"
EndProject
Project("{8BC9CEB8-8B4A-11D0-8D11-00A0C91BC942}") = "PropertyAnimationTest", "Projects\Visual2015\Tests\PropertyAnimationTest\PropertyAnimationTest.vcxproj", "{1EAA1FC4-3E36-4CC8-B6C5-B32EDD3962C2}"
EndProject
Project("{8BC9CEB8-8B4A-11D0-8D11-00A0C91BC942}") = "HierarchicalChunkedFormat", "Projects\Visual2015\HierarchicalChunkedFormat\HierarchicalChunkedFormat.vcxproj", "{50CF2C5D-4A13-4D16-8E65-441FE7155333}"
EndProject
Project("{8BC9CEB8-8B4A-11D0-8D11-00A0C91BC942}") = "TestHCF", "Projects\Visual2015\Tests\TestHCF\TestHCF.vcxproj", "{CC1DC1E6-26BB-43D3-A156-4C60DC92DDB5}"
EndProject
Global
	GlobalSection(SolutionConfigurationPlatforms) = preSolution
		Debug|x64 = Debug|x64
		Debug|x86 = Debug|x86
		Release|x64 = Release|x64
		Release|x86 = Release|x86
	EndGlobalSection
	GlobalSection(ProjectConfigurationPlatforms) = postSolution
		{D8738375-5855-4241-8CB9-63FFE08E1B96}.Debug|x64.ActiveCfg = Debug|x64
		{D8738375-5855-4241-8CB9-63FFE08E1B96}.Debug|x64.Build.0 = Debug|x64
		{D8738375-5855-4241-8CB9-63FFE08E1B96}.Debug|x86.ActiveCfg = Debug|Win32
		{D8738375-5855-4241-8CB9-63FFE08E1B96}.Debug|x86.Build.0 = Debug|Win32
		{D8738375-5855-4241-8CB9-63FFE08E1B96}.Release|x64.ActiveCfg = Release|x64
		{D8738375-5855-4241-8CB9-63FFE08E1B96}.Release|x64.Build.0 = Release|x64
		{D8738375-5855-4241-8CB9-63FFE08E1B96}.Release|x86.ActiveCfg = Release|Win32
		{D8738375-5855-4241-8CB9-63FFE08E1B96}.Release|x86.Build.0 = Release|Win32
		{91CC6D16-F22C-434A-95E0-35EE857054C7}.Debug|x64.ActiveCfg = Debug|x64
		{91CC6D16-F22C-434A-95E0-35EE857054C7}.Debug|x64.Build.0 = Debug|x64
		{91CC6D16-F22C-434A-95E0-35EE857054C7}.Debug|x86.ActiveCfg = Debug|Win32
		{91CC6D16-F22C-434A-95E0-35EE857054C7}.Debug|x86.Build.0 = Debug|Win32
		{91CC6D16-F22C-434A-95E0-35EE857054C7}.Release|x64.ActiveCfg = Release|x64
		{91CC6D16-F22C-434A-95E0-35EE857054C7}.Release|x64.Build.0 = Release|x64
		{91CC6D16-F22C-434A-95E0-35EE857054C7}.Release|x86.ActiveCfg = Release|Win32
		{91CC6D16-F22C-434A-95E0-35EE857054C7}.Release|x86.Build.0 = Release|Win32
		{59FA8028-2346-4246-854F-14DCFAB6AB56}.Debug|x64.ActiveCfg = Debug|x64
		{59FA8028-2346-4246-854F-14DCFAB6AB56}.Debug|x64.Build.0 = Debug|x64
		{59FA8028-2346-4246-854F-14DCFAB6AB56}.Debug|x86.ActiveCfg = Debug|Win32
		{59FA8028-2346-4246-854F-14DCFAB6AB56}.Debug|x86.Build.0 = Debug|Win32
		{59FA8028-2346-4246-854F-14DCFAB6AB56}.Release|x64.ActiveCfg = Release|x64
		{59FA8028-2346-4246-854F-14DCFAB6AB56}.Release|x64.Build.0 = Release|x64
		{59FA8028-2346-4246-854F-14DCFAB6AB56}.Release|x86.ActiveCfg = Release|Win32
		{59FA8028-2346-4246-854F-14DCFAB6AB56}.Release|x86.Build.0 = Release|Win32
		{9ABCBAB4-05B4-47C5-B5D8-F201559FD096}.Debug|x64.ActiveCfg = Debug|x64
		{9ABCBAB4-05B4-47C5-B5D8-F201559FD096}.Debug|x64.Build.0 = Debug|x64
		{9ABCBAB4-05B4-47C5-B5D8-F201559FD096}.Debug|x86.ActiveCfg = Debug|Win32
		{9ABCBAB4-05B4-47C5-B5D8-F201559FD096}.Debug|x86.Build.0 = Debug|Win32
		{9ABCBAB4-05B4-47C5-B5D8-F201559FD096}.Release|x64.ActiveCfg = Release|x64
		{9ABCBAB4-05B4-47C5-B5D8-F201559FD096}.Release|x64.Build.0 = Release|x64
		{9ABCBAB4-05B4-47C5-B5D8-F201559FD096}.Release|x86.ActiveCfg = Release|Win32
		{9ABCBAB4-05B4-47C5-B5D8-F201559FD096}.Release|x86.Build.0 = Release|Win32
		{561754CB-295D-4D69-8DBC-BC069D1A636A}.Debug|x64.ActiveCfg = Debug|x64
		{561754CB-295D-4D69-8DBC-BC069D1A636A}.Debug|x64.Build.0 = Debug|x64
		{561754CB-295D-4D69-8DBC-BC069D1A636A}.Debug|x86.ActiveCfg = Debug|Win32
		{561754CB-295D-4D69-8DBC-BC069D1A636A}.Debug|x86.Build.0 = Debug|Win32
		{561754CB-295D-4D69-8DBC-BC069D1A636A}.Release|x64.ActiveCfg = Release|x64
		{561754CB-295D-4D69-8DBC-BC069D1A636A}.Release|x64.Build.0 = Release|x64
		{561754CB-295D-4D69-8DBC-BC069D1A636A}.Release|x86.ActiveCfg = Release|Win32
		{561754CB-295D-4D69-8DBC-BC069D1A636A}.Release|x86.Build.0 = Release|Win32
		{C3291F70-58A1-48AD-BA9A-A8A9B176EA70}.Debug|x64.ActiveCfg = Debug|x64
		{C3291F70-58A1-48AD-BA9A-A8A9B176EA70}.Debug|x64.Build.0 = Debug|x64
		{C3291F70-58A1-48AD-BA9A-A8A9B176EA70}.Debug|x86.ActiveCfg = Debug|Win32
		{C3291F70-58A1-48AD-BA9A-A8A9B176EA70}.Debug|x86.Build.0 = Debug|Win32
		{C3291F70-58A1-48AD-BA9A-A8A9B176EA70}.Release|x64.ActiveCfg = Release|x64
		{C3291F70-58A1-48AD-BA9A-A8A9B176EA70}.Release|x64.Build.0 = Release|x64
		{C3291F70-58A1-48AD-BA9A-A8A9B176EA70}.Release|x86.ActiveCfg = Release|Win32
		{C3291F70-58A1-48AD-BA9A-A8A9B176EA70}.Release|x86.Build.0 = Release|Win32
		{DB1936FB-7267-4EE8-8F96-E4BB79CCE7ED}.Debug|x64.ActiveCfg = Debug|x64
		{DB1936FB-7267-4EE8-8F96-E4BB79CCE7ED}.Debug|x64.Build.0 = Debug|x64
		{DB1936FB-7267-4EE8-8F96-E4BB79CCE7ED}.Debug|x86.ActiveCfg = Debug|Win32
		{DB1936FB-7267-4EE8-8F96-E4BB79CCE7ED}.Debug|x86.Build.0 = Debug|Win32
		{DB1936FB-7267-4EE8-8F96-E4BB79CCE7ED}.Release|x64.ActiveCfg = Release|x64
		{DB1936FB-7267-4EE8-8F96-E4BB79CCE7ED}.Release|x64.Build.0 = Release|x64
		{DB1936FB-7267-4EE8-8F96-E4BB79CCE7ED}.Release|x86.ActiveCfg = Release|Win32
		{DB1936FB-7267-4EE8-8F96-E4BB79CCE7ED}.Release|x86.Build.0 = Release|Win32
		{3F6348E2-4621-45C6-AD8D-91B8BE4C9072}.Debug|x64.ActiveCfg = Debug|x64
		{3F6348E2-4621-45C6-AD8D-91B8BE4C9072}.Debug|x64.Build.0 = Debug|x64
		{3F6348E2-4621-45C6-AD8D-91B8BE4C9072}.Debug|x86.ActiveCfg = Debug|Win32
		{3F6348E2-4621-45C6-AD8D-91B8BE4C9072}.Debug|x86.Build.0 = Debug|Win32
		{3F6348E2-4621-45C6-AD8D-91B8BE4C9072}.Release|x64.ActiveCfg = Release|x64
		{3F6348E2-4621-45C6-AD8D-91B8BE4C9072}.Release|x64.Build.0 = Release|x64
		{3F6348E2-4621-45C6-AD8D-91B8BE4C9072}.Release|x86.ActiveCfg = Release|Win32
		{3F6348E2-4621-45C6-AD8D-91B8BE4C9072}.Release|x86.Build.0 = Release|Win32
		{7AAE81D3-4848-4F34-A1F2-F8F9E24E5773}.Debug|x64.ActiveCfg = Debug|x64
		{7AAE81D3-4848-4F34-A1F2-F8F9E24E5773}.Debug|x64.Build.0 = Debug|x64
		{7AAE81D3-4848-4F34-A1F2-F8F9E24E5773}.Debug|x86.ActiveCfg = Debug|Win32
		{7AAE81D3-4848-4F34-A1F2-F8F9E24E5773}.Debug|x86.Build.0 = Debug|Win32
		{7AAE81D3-4848-4F34-A1F2-F8F9E24E5773}.Release|x64.ActiveCfg = Release|x64
		{7AAE81D3-4848-4F34-A1F2-F8F9E24E5773}.Release|x64.Build.0 = Release|x64
		{7AAE81D3-4848-4F34-A1F2-F8F9E24E5773}.Release|x86.ActiveCfg = Release|Win32
		{7AAE81D3-4848-4F34-A1F2-F8F9E24E5773}.Release|x86.Build.0 = Release|Win32
		{1EAA1FC4-3E36-4CC8-B6C5-B32EDD3962C2}.Debug|x64.ActiveCfg = Debug|x64
		{1EAA1FC4-3E36-4CC8-B6C5-B32EDD3962C2}.Debug|x64.Build.0 = Debug|x64
		{1EAA1FC4-3E36-4CC8-B6C5-B32EDD3962C2}.Debug|x86.ActiveCfg = Debug|Win32
		{1EAA1FC4-3E36-4CC8-B6C5-B32EDD3962C2}.Debug|x86.Build.0 = Debug|Win32
		{1EAA1FC4-3E36-4CC8-B6C5-B32EDD3962C2}.Release|x64.ActiveCfg = Release|x64
		{1EAA1FC4-3E36-4CC8-B6C5-B32EDD3962C2}.Release|x64.Build.0 = Release|x64
		{1EAA1FC4-3E36-4CC8-B6C5-B32EDD3962C2}.Release|x86.ActiveCfg = Release|Win32
		{1EAA1FC4-3E36-4CC8-B6C5-B32EDD3962C2}.Release|x86.Build.0 = Release|Win32
		{50CF2C5D-4A13-4D16-8E65-441FE7155333}.Debug|x64.ActiveCfg = Debug|x64
		{50CF2C5D-4A13-4D16-8E65-441FE7155333}.Debug|x64.Build.0 = Debug|x64
		{50CF2C5D-4A13-4D16-8E65-441FE7155333}.Debug|x86.ActiveCfg = Debug|Win32
		{50CF2C5D-4A13-4D16-8E65-441FE7155333}.Debug|x86.Build.0 = Debug|Win32
		{50CF2C5D-4A13-4D16-8E65-441FE7155333}.Release|x64.ActiveCfg = Release|x64
		{50CF2C5D-4A13-4D16-8E65-441FE7155333}.Release|x64.Build.0 = Release|x64
		{50CF2C5D-4A13-4D16-8E65-441FE7155333}.Release|x86.ActiveCfg = Release|Win32
		{50CF2C5D-4A13-4D16-8E65-441FE7155333}.Release|x86.Build.0 = Release|Win32
		{CC1DC1E6-26BB-43D3-A156-4C60DC92DDB5}.Debug|x64.ActiveCfg = Debug|x64
		{CC1DC1E6-26BB-43D3-A156-4C60DC92DDB5}.Debug|x64.Build.0 = Debug|x64
		{CC1DC1E6-26BB-43D3-A156-4C60DC92DDB5}.Debug|x86.ActiveCfg = Debug|Win32
		{CC1DC1E6-26BB-43D3-A156-4C60DC92DDB5}.Debug|x86.Build.0 = Debug|Win32
		{CC1DC1E6-26BB-43D3-A156-4C60DC92DDB5}.Release|x64.ActiveCfg = Release|x64
		{CC1DC1E6-26BB-43D3-A156-4C60DC92DDB5}.Release|x64.Build.0 = Release|x64
		{CC1DC1E6-26BB-43D3-A156-4C60DC92DDB5}.Release|x86.ActiveCfg = Release|Win32
		{CC1DC1E6-26BB-43D3-A156-4C60DC92DDB5}.Release|x86.Build.0 = Release|Win32
	EndGlobalSection
	GlobalSection(SolutionProperties) = preSolution
		HideSolutionNode = FALSE
	EndGlobalSection
	GlobalSection(NestedProjects) = preSolution
		{D8738375-5855-4241-8CB9-63FFE08E1B96} = {E69067E0-4911-4971-8702-3E7517C264E3}
		{91CC6D16-F22C-434A-95E0-35EE857054C7} = {E69067E0-4911-4971-8702-3E7517C264E3}
		{561754CB-295D-4D69-8DBC-BC069D1A636A} = {E69067E0-4911-4971-8702-3E7517C264E3}
		{C3291F70-58A1-48AD-BA9A-A8A9B176EA70} = {236BB984-A2C6-4873-9160-8D6FE7DB0B34}
		{DB1936FB-7267-4EE8-8F96-E4BB79CCE7ED} = {236BB984-A2C6-4873-9160-8D6FE7DB0B34}
		{3F6348E2-4621-45C6-AD8D-91B8BE4C9072} = {236BB984-A2C6-4873-9160-8D6FE7DB0B34}
		{1EAA1FC4-3E36-4CC8-B6C5-B32EDD3962C2} = {236BB984-A2C6-4873-9160-8D6FE7DB0B34}
		{CC1DC1E6-26BB-43D3-A156-4C60DC92DDB5} = {236BB984-A2C6-4873-9160-8D6FE7DB0B34}
	EndGlobalSection
EndGlobal
