
Microsoft Visual Studio Solution File, Format Version 12.00
# Visual Studio 14
VisualStudioVersion = 14.0.24720.0
MinimumVisualStudioVersion = 10.0.40219.1
Project("{8BC9CEB8-8B4A-11D0-8D11-00A0C91BC942}") = "CoreGUI", "ProjectDir\Visual2015\CoreGUI\CoreGUI.vcxproj", "{C6DAB3EE-E9A7-47FC-9B33-A8F4250C219B}"
EndProject
Project("{2150E333-8FDC-42A3-9474-1A3956D46DE8}") = "GraphicAPI", "GraphicAPI", "{9CC57B89-7D1B-4C37-96E9-53F6D7329EA8}"
EndProject
Project("{8BC9CEB8-8B4A-11D0-8D11-00A0C91BC942}") = "ResourceManager", "..\swGraphicAPI\ProjectsDir\Visual2015\ResourceManager\ResourceManager.vcxproj", "{9F71F0DA-1D72-4E96-93B7-5AC2C9CB6EDE}"
EndProject
Project("{8BC9CEB8-8B4A-11D0-8D11-00A0C91BC942}") = "DX11API", "..\swGraphicAPI\ProjectsDir\Visual2015\DX11API\DX11API.vcxproj", "{44643D7F-1C71-41C1-B452-B2DC5E088A58}"
EndProject
Project("{2150E333-8FDC-42A3-9474-1A3956D46DE8}") = "InputLibrary", "InputLibrary", "{121FE9C1-1DEC-4365-93A5-0D5BEF6C84D5}"
EndProject
Project("{8BC9CEB8-8B4A-11D0-8D11-00A0C91BC942}") = "DirectInput", "..\swInputLibrary\ProjectsDir\Visual2015\DirectInput\DirectInput.vcxproj", "{D1075B79-925A-436F-8C53-09BD4D5787E4}"
EndProject
Project("{8BC9CEB8-8B4A-11D0-8D11-00A0C91BC942}") = "WinApiInputProxy", "..\swInputLibrary\ProjectsDir\Visual2015\WinApiInputProxy\WinApiInputProxy.vcxproj", "{9351732D-B6EC-4DB2-BD75-F18E880B3815}"
EndProject
Project("{8BC9CEB8-8B4A-11D0-8D11-00A0C91BC942}") = "WPFInputProxy", "..\swInputLibrary\ProjectsDir\Visual2015\WPFInputProxy\WPFInputProxy.vcxproj", "{364E3CFB-CCAA-4AAF-AA03-D6E2D9749228}"
EndProject
Project("{2150E333-8FDC-42A3-9474-1A3956D46DE8}") = "CommonLibrary", "CommonLibrary", "{0C4903FC-0FA2-45A8-AE6A-CE5D6B37D83F}"
EndProject
Project("{8BC9CEB8-8B4A-11D0-8D11-00A0C91BC942}") = "CommonBase", "..\swCommonLib\Projects\Visual2015\CommonBase\CommonBase.vcxproj", "{9ABCBAB4-05B4-47C5-B5D8-F201559FD096}"
EndProject
Project("{8BC9CEB8-8B4A-11D0-8D11-00A0C91BC942}") = "ParameterAnimation", "..\swCommonLib\Projects\Visual2015\ParameterAnimation\ParameterAnimation.vcxproj", "{7AAE81D3-4848-4F34-A1F2-F8F9E24E5773}"
EndProject
Project("{8BC9CEB8-8B4A-11D0-8D11-00A0C91BC942}") = "Reflection", "..\swCommonLib\Projects\Visual2015\Reflection\Reflection.vcxproj", "{59FA8028-2346-4246-854F-14DCFAB6AB56}"
EndProject
Project("{2150E333-8FDC-42A3-9474-1A3956D46DE8}") = "Serialization", "Serialization", "{D89DA4B4-A126-44D1-BDA7-52F396D14E98}"
EndProject
Project("{8BC9CEB8-8B4A-11D0-8D11-00A0C91BC942}") = "Serialization", "..\swCommonLib\Projects\Visual2015\Serialization\Serialization.vcxproj", "{561754CB-295D-4D69-8DBC-BC069D1A636A}"
EndProject
Project("{8BC9CEB8-8B4A-11D0-8D11-00A0C91BC942}") = "SerializerJSON", "..\swCommonLib\Projects\Visual2015\SerializerJSON\SerializerJSON.vcxproj", "{D8738375-5855-4241-8CB9-63FFE08E1B96}"
EndProject
Project("{8BC9CEB8-8B4A-11D0-8D11-00A0C91BC942}") = "SerializerXML", "..\swCommonLib\Projects\Visual2015\SerializerXML\SerializerXML.vcxproj", "{91CC6D16-F22C-434A-95E0-35EE857054C7}"
EndProject
Project("{2150E333-8FDC-42A3-9474-1A3956D46DE8}") = "Tests", "Tests", "{CAC5582E-F5A0-42EA-85DE-325A7C0651D8}"
EndProject
Project("{8BC9CEB8-8B4A-11D0-8D11-00A0C91BC942}") = "PrototyperGUI", "ProjectDir\Visual2015\Tests\PrototyperGUI\PrototyperGUI.vcxproj", "{F2104B29-1AF3-4434-BA9C-78D0F2A4635F}"
EndProject
Project("{2150E333-8FDC-42A3-9474-1A3956D46DE8}") = "Native", "Native", "{80818BD9-AA06-4F52-8CF2-4A9401BFC59E}"
EndProject
Project("{2150E333-8FDC-42A3-9474-1A3956D46DE8}") = "swLibraries", "swLibraries", "{763337DD-C3AB-4283-B639-A00BC95ACD56}"
EndProject
Project("{8BC9CEB8-8B4A-11D0-8D11-00A0C91BC942}") = "Win32NativeGUI", "ProjectDir\Visual2015\Win32NativeGUI\Win32NativeGUI.vcxproj", "{267292A0-C262-43E7-AFB1-1F63439FD465}"
EndProject
Project("{8BC9CEB8-8B4A-11D0-8D11-00A0C91BC942}") = "InputCore", "..\swInputLibrary\ProjectsDir\Visual2015\InputCore\InputCore.vcxproj", "{EBC3ABF4-E788-4242-A949-D366FC128B0E}"
EndProject
Project("{8BC9CEB8-8B4A-11D0-8D11-00A0C91BC942}") = "MockAPI", "..\swGraphicAPI\ProjectsDir\Visual2015\MockAPI\MockAPI.vcxproj", "{EEEFAB61-F404-4957-AC24-A3BF81C5E4ED}"
EndProject
Project("{8BC9CEB8-8B4A-11D0-8D11-00A0C91BC942}") = "TestGUISystem", "ProjectDir\Visual2015\Tests\TestGUISystem\TestGUISystem.vcxproj", "{16150492-838D-4376-8E74-88F569E6050D}"
EndProject
Project("{8BC9CEB8-8B4A-11D0-8D11-00A0C91BC942}") = "MockNativeGUI", "ProjectDir\Visual2015\MockNativeGUI\MockNativeGUI.vcxproj", "{2800312A-1970-47FB-87B3-DD7E96405D85}"
EndProject
Project("{8BC9CEB8-8B4A-11D0-8D11-00A0C91BC942}") = "TestFramework", "ProjectDir\Visual2015\TestFramework\TestFramework.vcxproj", "{187F6B99-C04B-4093-9CDF-13D8FC994817}"
EndProject
Global
	GlobalSection(SolutionConfigurationPlatforms) = preSolution
		Debug|x64 = Debug|x64
		Debug|x86 = Debug|x86
		Release|x64 = Release|x64
		Release|x86 = Release|x86
	EndGlobalSection
	GlobalSection(ProjectConfigurationPlatforms) = postSolution
		{C6DAB3EE-E9A7-47FC-9B33-A8F4250C219B}.Debug|x64.ActiveCfg = Debug|x64
		{C6DAB3EE-E9A7-47FC-9B33-A8F4250C219B}.Debug|x64.Build.0 = Debug|x64
		{C6DAB3EE-E9A7-47FC-9B33-A8F4250C219B}.Debug|x86.ActiveCfg = Debug|Win32
		{C6DAB3EE-E9A7-47FC-9B33-A8F4250C219B}.Debug|x86.Build.0 = Debug|Win32
		{C6DAB3EE-E9A7-47FC-9B33-A8F4250C219B}.Release|x64.ActiveCfg = Release|x64
		{C6DAB3EE-E9A7-47FC-9B33-A8F4250C219B}.Release|x64.Build.0 = Release|x64
		{C6DAB3EE-E9A7-47FC-9B33-A8F4250C219B}.Release|x86.ActiveCfg = Release|Win32
		{C6DAB3EE-E9A7-47FC-9B33-A8F4250C219B}.Release|x86.Build.0 = Release|Win32
		{9F71F0DA-1D72-4E96-93B7-5AC2C9CB6EDE}.Debug|x64.ActiveCfg = Debug|x64
		{9F71F0DA-1D72-4E96-93B7-5AC2C9CB6EDE}.Debug|x64.Build.0 = Debug|x64
		{9F71F0DA-1D72-4E96-93B7-5AC2C9CB6EDE}.Debug|x86.ActiveCfg = Debug|Win32
		{9F71F0DA-1D72-4E96-93B7-5AC2C9CB6EDE}.Debug|x86.Build.0 = Debug|Win32
		{9F71F0DA-1D72-4E96-93B7-5AC2C9CB6EDE}.Release|x64.ActiveCfg = Release|x64
		{9F71F0DA-1D72-4E96-93B7-5AC2C9CB6EDE}.Release|x64.Build.0 = Release|x64
		{9F71F0DA-1D72-4E96-93B7-5AC2C9CB6EDE}.Release|x86.ActiveCfg = Release|Win32
		{9F71F0DA-1D72-4E96-93B7-5AC2C9CB6EDE}.Release|x86.Build.0 = Release|Win32
		{44643D7F-1C71-41C1-B452-B2DC5E088A58}.Debug|x64.ActiveCfg = Debug|x64
		{44643D7F-1C71-41C1-B452-B2DC5E088A58}.Debug|x64.Build.0 = Debug|x64
		{44643D7F-1C71-41C1-B452-B2DC5E088A58}.Debug|x86.ActiveCfg = Debug|Win32
		{44643D7F-1C71-41C1-B452-B2DC5E088A58}.Debug|x86.Build.0 = Debug|Win32
		{44643D7F-1C71-41C1-B452-B2DC5E088A58}.Release|x64.ActiveCfg = Release|x64
		{44643D7F-1C71-41C1-B452-B2DC5E088A58}.Release|x64.Build.0 = Release|x64
		{44643D7F-1C71-41C1-B452-B2DC5E088A58}.Release|x86.ActiveCfg = Release|Win32
		{44643D7F-1C71-41C1-B452-B2DC5E088A58}.Release|x86.Build.0 = Release|Win32
		{D1075B79-925A-436F-8C53-09BD4D5787E4}.Debug|x64.ActiveCfg = Debug|x64
		{D1075B79-925A-436F-8C53-09BD4D5787E4}.Debug|x64.Build.0 = Debug|x64
		{D1075B79-925A-436F-8C53-09BD4D5787E4}.Debug|x86.ActiveCfg = Debug|Win32
		{D1075B79-925A-436F-8C53-09BD4D5787E4}.Debug|x86.Build.0 = Debug|Win32
		{D1075B79-925A-436F-8C53-09BD4D5787E4}.Release|x64.ActiveCfg = Release|x64
		{D1075B79-925A-436F-8C53-09BD4D5787E4}.Release|x64.Build.0 = Release|x64
		{D1075B79-925A-436F-8C53-09BD4D5787E4}.Release|x86.ActiveCfg = Release|Win32
		{D1075B79-925A-436F-8C53-09BD4D5787E4}.Release|x86.Build.0 = Release|Win32
		{9351732D-B6EC-4DB2-BD75-F18E880B3815}.Debug|x64.ActiveCfg = Debug|x64
		{9351732D-B6EC-4DB2-BD75-F18E880B3815}.Debug|x64.Build.0 = Debug|x64
		{9351732D-B6EC-4DB2-BD75-F18E880B3815}.Debug|x86.ActiveCfg = Debug|Win32
		{9351732D-B6EC-4DB2-BD75-F18E880B3815}.Debug|x86.Build.0 = Debug|Win32
		{9351732D-B6EC-4DB2-BD75-F18E880B3815}.Release|x64.ActiveCfg = Release|x64
		{9351732D-B6EC-4DB2-BD75-F18E880B3815}.Release|x64.Build.0 = Release|x64
		{9351732D-B6EC-4DB2-BD75-F18E880B3815}.Release|x86.ActiveCfg = Release|Win32
		{9351732D-B6EC-4DB2-BD75-F18E880B3815}.Release|x86.Build.0 = Release|Win32
		{364E3CFB-CCAA-4AAF-AA03-D6E2D9749228}.Debug|x64.ActiveCfg = Debug|x64
		{364E3CFB-CCAA-4AAF-AA03-D6E2D9749228}.Debug|x64.Build.0 = Debug|x64
		{364E3CFB-CCAA-4AAF-AA03-D6E2D9749228}.Debug|x86.ActiveCfg = Debug|Win32
		{364E3CFB-CCAA-4AAF-AA03-D6E2D9749228}.Debug|x86.Build.0 = Debug|Win32
		{364E3CFB-CCAA-4AAF-AA03-D6E2D9749228}.Release|x64.ActiveCfg = Release|x64
		{364E3CFB-CCAA-4AAF-AA03-D6E2D9749228}.Release|x64.Build.0 = Release|x64
		{364E3CFB-CCAA-4AAF-AA03-D6E2D9749228}.Release|x86.ActiveCfg = Release|Win32
		{364E3CFB-CCAA-4AAF-AA03-D6E2D9749228}.Release|x86.Build.0 = Release|Win32
		{9ABCBAB4-05B4-47C5-B5D8-F201559FD096}.Debug|x64.ActiveCfg = Debug|x64
		{9ABCBAB4-05B4-47C5-B5D8-F201559FD096}.Debug|x64.Build.0 = Debug|x64
		{9ABCBAB4-05B4-47C5-B5D8-F201559FD096}.Debug|x86.ActiveCfg = Debug|Win32
		{9ABCBAB4-05B4-47C5-B5D8-F201559FD096}.Debug|x86.Build.0 = Debug|Win32
		{9ABCBAB4-05B4-47C5-B5D8-F201559FD096}.Release|x64.ActiveCfg = Release|x64
		{9ABCBAB4-05B4-47C5-B5D8-F201559FD096}.Release|x64.Build.0 = Release|x64
		{9ABCBAB4-05B4-47C5-B5D8-F201559FD096}.Release|x86.ActiveCfg = Release|Win32
		{9ABCBAB4-05B4-47C5-B5D8-F201559FD096}.Release|x86.Build.0 = Release|Win32
		{7AAE81D3-4848-4F34-A1F2-F8F9E24E5773}.Debug|x64.ActiveCfg = Debug|x64
		{7AAE81D3-4848-4F34-A1F2-F8F9E24E5773}.Debug|x64.Build.0 = Debug|x64
		{7AAE81D3-4848-4F34-A1F2-F8F9E24E5773}.Debug|x86.ActiveCfg = Debug|Win32
		{7AAE81D3-4848-4F34-A1F2-F8F9E24E5773}.Debug|x86.Build.0 = Debug|Win32
		{7AAE81D3-4848-4F34-A1F2-F8F9E24E5773}.Release|x64.ActiveCfg = Release|x64
		{7AAE81D3-4848-4F34-A1F2-F8F9E24E5773}.Release|x64.Build.0 = Release|x64
		{7AAE81D3-4848-4F34-A1F2-F8F9E24E5773}.Release|x86.ActiveCfg = Release|Win32
		{7AAE81D3-4848-4F34-A1F2-F8F9E24E5773}.Release|x86.Build.0 = Release|Win32
		{59FA8028-2346-4246-854F-14DCFAB6AB56}.Debug|x64.ActiveCfg = Debug|x64
		{59FA8028-2346-4246-854F-14DCFAB6AB56}.Debug|x64.Build.0 = Debug|x64
		{59FA8028-2346-4246-854F-14DCFAB6AB56}.Debug|x86.ActiveCfg = Debug|Win32
		{59FA8028-2346-4246-854F-14DCFAB6AB56}.Debug|x86.Build.0 = Debug|Win32
		{59FA8028-2346-4246-854F-14DCFAB6AB56}.Release|x64.ActiveCfg = Release|x64
		{59FA8028-2346-4246-854F-14DCFAB6AB56}.Release|x64.Build.0 = Release|x64
		{59FA8028-2346-4246-854F-14DCFAB6AB56}.Release|x86.ActiveCfg = Release|Win32
		{59FA8028-2346-4246-854F-14DCFAB6AB56}.Release|x86.Build.0 = Release|Win32
		{561754CB-295D-4D69-8DBC-BC069D1A636A}.Debug|x64.ActiveCfg = Debug|x64
		{561754CB-295D-4D69-8DBC-BC069D1A636A}.Debug|x64.Build.0 = Debug|x64
		{561754CB-295D-4D69-8DBC-BC069D1A636A}.Debug|x86.ActiveCfg = Debug|Win32
		{561754CB-295D-4D69-8DBC-BC069D1A636A}.Debug|x86.Build.0 = Debug|Win32
		{561754CB-295D-4D69-8DBC-BC069D1A636A}.Release|x64.ActiveCfg = Release|x64
		{561754CB-295D-4D69-8DBC-BC069D1A636A}.Release|x64.Build.0 = Release|x64
		{561754CB-295D-4D69-8DBC-BC069D1A636A}.Release|x86.ActiveCfg = Release|Win32
		{561754CB-295D-4D69-8DBC-BC069D1A636A}.Release|x86.Build.0 = Release|Win32
		{D8738375-5855-4241-8CB9-63FFE08E1B96}.Debug|x64.ActiveCfg = Debug|x64
		{D8738375-5855-4241-8CB9-63FFE08E1B96}.Debug|x64.Build.0 = Debug|x64
		{D8738375-5855-4241-8CB9-63FFE08E1B96}.Debug|x86.ActiveCfg = Debug|Win32
		{D8738375-5855-4241-8CB9-63FFE08E1B96}.Debug|x86.Build.0 = Debug|Win32
		{D8738375-5855-4241-8CB9-63FFE08E1B96}.Release|x64.ActiveCfg = Release|x64
		{D8738375-5855-4241-8CB9-63FFE08E1B96}.Release|x64.Build.0 = Release|x64
		{D8738375-5855-4241-8CB9-63FFE08E1B96}.Release|x86.ActiveCfg = Release|Win32
		{D8738375-5855-4241-8CB9-63FFE08E1B96}.Release|x86.Build.0 = Release|Win32
		{91CC6D16-F22C-434A-95E0-35EE857054C7}.Debug|x64.ActiveCfg = Debug|x64
		{91CC6D16-F22C-434A-95E0-35EE857054C7}.Debug|x64.Build.0 = Debug|x64
		{91CC6D16-F22C-434A-95E0-35EE857054C7}.Debug|x86.ActiveCfg = Debug|Win32
		{91CC6D16-F22C-434A-95E0-35EE857054C7}.Debug|x86.Build.0 = Debug|Win32
		{91CC6D16-F22C-434A-95E0-35EE857054C7}.Release|x64.ActiveCfg = Release|x64
		{91CC6D16-F22C-434A-95E0-35EE857054C7}.Release|x64.Build.0 = Release|x64
		{91CC6D16-F22C-434A-95E0-35EE857054C7}.Release|x86.ActiveCfg = Release|Win32
		{91CC6D16-F22C-434A-95E0-35EE857054C7}.Release|x86.Build.0 = Release|Win32
		{F2104B29-1AF3-4434-BA9C-78D0F2A4635F}.Debug|x64.ActiveCfg = Debug|x64
		{F2104B29-1AF3-4434-BA9C-78D0F2A4635F}.Debug|x64.Build.0 = Debug|x64
		{F2104B29-1AF3-4434-BA9C-78D0F2A4635F}.Debug|x86.ActiveCfg = Debug|Win32
		{F2104B29-1AF3-4434-BA9C-78D0F2A4635F}.Debug|x86.Build.0 = Debug|Win32
		{F2104B29-1AF3-4434-BA9C-78D0F2A4635F}.Release|x64.ActiveCfg = Release|x64
		{F2104B29-1AF3-4434-BA9C-78D0F2A4635F}.Release|x64.Build.0 = Release|x64
		{F2104B29-1AF3-4434-BA9C-78D0F2A4635F}.Release|x86.ActiveCfg = Release|Win32
		{F2104B29-1AF3-4434-BA9C-78D0F2A4635F}.Release|x86.Build.0 = Release|Win32
		{267292A0-C262-43E7-AFB1-1F63439FD465}.Debug|x64.ActiveCfg = Debug|x64
		{267292A0-C262-43E7-AFB1-1F63439FD465}.Debug|x64.Build.0 = Debug|x64
		{267292A0-C262-43E7-AFB1-1F63439FD465}.Debug|x86.ActiveCfg = Debug|Win32
		{267292A0-C262-43E7-AFB1-1F63439FD465}.Debug|x86.Build.0 = Debug|Win32
		{267292A0-C262-43E7-AFB1-1F63439FD465}.Release|x64.ActiveCfg = Release|x64
		{267292A0-C262-43E7-AFB1-1F63439FD465}.Release|x64.Build.0 = Release|x64
		{267292A0-C262-43E7-AFB1-1F63439FD465}.Release|x86.ActiveCfg = Release|Win32
		{267292A0-C262-43E7-AFB1-1F63439FD465}.Release|x86.Build.0 = Release|Win32
		{EBC3ABF4-E788-4242-A949-D366FC128B0E}.Debug|x64.ActiveCfg = Debug|x64
		{EBC3ABF4-E788-4242-A949-D366FC128B0E}.Debug|x64.Build.0 = Debug|x64
		{EBC3ABF4-E788-4242-A949-D366FC128B0E}.Debug|x86.ActiveCfg = Debug|Win32
		{EBC3ABF4-E788-4242-A949-D366FC128B0E}.Debug|x86.Build.0 = Debug|Win32
		{EBC3ABF4-E788-4242-A949-D366FC128B0E}.Release|x64.ActiveCfg = Release|x64
		{EBC3ABF4-E788-4242-A949-D366FC128B0E}.Release|x64.Build.0 = Release|x64
		{EBC3ABF4-E788-4242-A949-D366FC128B0E}.Release|x86.ActiveCfg = Release|Win32
		{EBC3ABF4-E788-4242-A949-D366FC128B0E}.Release|x86.Build.0 = Release|Win32
		{EEEFAB61-F404-4957-AC24-A3BF81C5E4ED}.Debug|x64.ActiveCfg = Debug|x64
		{EEEFAB61-F404-4957-AC24-A3BF81C5E4ED}.Debug|x64.Build.0 = Debug|x64
		{EEEFAB61-F404-4957-AC24-A3BF81C5E4ED}.Debug|x86.ActiveCfg = Debug|Win32
		{EEEFAB61-F404-4957-AC24-A3BF81C5E4ED}.Debug|x86.Build.0 = Debug|Win32
		{EEEFAB61-F404-4957-AC24-A3BF81C5E4ED}.Release|x64.ActiveCfg = Release|x64
		{EEEFAB61-F404-4957-AC24-A3BF81C5E4ED}.Release|x64.Build.0 = Release|x64
		{EEEFAB61-F404-4957-AC24-A3BF81C5E4ED}.Release|x86.ActiveCfg = Release|Win32
		{EEEFAB61-F404-4957-AC24-A3BF81C5E4ED}.Release|x86.Build.0 = Release|Win32
		{16150492-838D-4376-8E74-88F569E6050D}.Debug|x64.ActiveCfg = Debug|x64
		{16150492-838D-4376-8E74-88F569E6050D}.Debug|x64.Build.0 = Debug|x64
		{16150492-838D-4376-8E74-88F569E6050D}.Debug|x86.ActiveCfg = Debug|Win32
		{16150492-838D-4376-8E74-88F569E6050D}.Debug|x86.Build.0 = Debug|Win32
		{16150492-838D-4376-8E74-88F569E6050D}.Release|x64.ActiveCfg = Release|x64
		{16150492-838D-4376-8E74-88F569E6050D}.Release|x64.Build.0 = Release|x64
		{16150492-838D-4376-8E74-88F569E6050D}.Release|x86.ActiveCfg = Release|Win32
		{16150492-838D-4376-8E74-88F569E6050D}.Release|x86.Build.0 = Release|Win32
		{2800312A-1970-47FB-87B3-DD7E96405D85}.Debug|x64.ActiveCfg = Debug|x64
		{2800312A-1970-47FB-87B3-DD7E96405D85}.Debug|x64.Build.0 = Debug|x64
		{2800312A-1970-47FB-87B3-DD7E96405D85}.Debug|x86.ActiveCfg = Debug|Win32
		{2800312A-1970-47FB-87B3-DD7E96405D85}.Debug|x86.Build.0 = Debug|Win32
		{2800312A-1970-47FB-87B3-DD7E96405D85}.Release|x64.ActiveCfg = Release|x64
		{2800312A-1970-47FB-87B3-DD7E96405D85}.Release|x64.Build.0 = Release|x64
		{2800312A-1970-47FB-87B3-DD7E96405D85}.Release|x86.ActiveCfg = Release|Win32
		{2800312A-1970-47FB-87B3-DD7E96405D85}.Release|x86.Build.0 = Release|Win32
		{187F6B99-C04B-4093-9CDF-13D8FC994817}.Debug|x64.ActiveCfg = Debug|x64
		{187F6B99-C04B-4093-9CDF-13D8FC994817}.Debug|x64.Build.0 = Debug|x64
		{187F6B99-C04B-4093-9CDF-13D8FC994817}.Debug|x86.ActiveCfg = Debug|Win32
		{187F6B99-C04B-4093-9CDF-13D8FC994817}.Debug|x86.Build.0 = Debug|Win32
		{187F6B99-C04B-4093-9CDF-13D8FC994817}.Release|x64.ActiveCfg = Release|x64
		{187F6B99-C04B-4093-9CDF-13D8FC994817}.Release|x64.Build.0 = Release|x64
		{187F6B99-C04B-4093-9CDF-13D8FC994817}.Release|x86.ActiveCfg = Release|Win32
		{187F6B99-C04B-4093-9CDF-13D8FC994817}.Release|x86.Build.0 = Release|Win32
	EndGlobalSection
	GlobalSection(SolutionProperties) = preSolution
		HideSolutionNode = FALSE
	EndGlobalSection
	GlobalSection(NestedProjects) = preSolution
		{9CC57B89-7D1B-4C37-96E9-53F6D7329EA8} = {763337DD-C3AB-4283-B639-A00BC95ACD56}
		{9F71F0DA-1D72-4E96-93B7-5AC2C9CB6EDE} = {9CC57B89-7D1B-4C37-96E9-53F6D7329EA8}
		{44643D7F-1C71-41C1-B452-B2DC5E088A58} = {9CC57B89-7D1B-4C37-96E9-53F6D7329EA8}
		{121FE9C1-1DEC-4365-93A5-0D5BEF6C84D5} = {763337DD-C3AB-4283-B639-A00BC95ACD56}
		{D1075B79-925A-436F-8C53-09BD4D5787E4} = {121FE9C1-1DEC-4365-93A5-0D5BEF6C84D5}
		{9351732D-B6EC-4DB2-BD75-F18E880B3815} = {121FE9C1-1DEC-4365-93A5-0D5BEF6C84D5}
		{364E3CFB-CCAA-4AAF-AA03-D6E2D9749228} = {121FE9C1-1DEC-4365-93A5-0D5BEF6C84D5}
		{0C4903FC-0FA2-45A8-AE6A-CE5D6B37D83F} = {763337DD-C3AB-4283-B639-A00BC95ACD56}
		{9ABCBAB4-05B4-47C5-B5D8-F201559FD096} = {0C4903FC-0FA2-45A8-AE6A-CE5D6B37D83F}
		{7AAE81D3-4848-4F34-A1F2-F8F9E24E5773} = {0C4903FC-0FA2-45A8-AE6A-CE5D6B37D83F}
		{59FA8028-2346-4246-854F-14DCFAB6AB56} = {0C4903FC-0FA2-45A8-AE6A-CE5D6B37D83F}
		{D89DA4B4-A126-44D1-BDA7-52F396D14E98} = {0C4903FC-0FA2-45A8-AE6A-CE5D6B37D83F}
		{561754CB-295D-4D69-8DBC-BC069D1A636A} = {D89DA4B4-A126-44D1-BDA7-52F396D14E98}
		{D8738375-5855-4241-8CB9-63FFE08E1B96} = {D89DA4B4-A126-44D1-BDA7-52F396D14E98}
		{91CC6D16-F22C-434A-95E0-35EE857054C7} = {D89DA4B4-A126-44D1-BDA7-52F396D14E98}
		{F2104B29-1AF3-4434-BA9C-78D0F2A4635F} = {CAC5582E-F5A0-42EA-85DE-325A7C0651D8}
		{267292A0-C262-43E7-AFB1-1F63439FD465} = {80818BD9-AA06-4F52-8CF2-4A9401BFC59E}
		{EBC3ABF4-E788-4242-A949-D366FC128B0E} = {121FE9C1-1DEC-4365-93A5-0D5BEF6C84D5}
		{EEEFAB61-F404-4957-AC24-A3BF81C5E4ED} = {9CC57B89-7D1B-4C37-96E9-53F6D7329EA8}
		{16150492-838D-4376-8E74-88F569E6050D} = {CAC5582E-F5A0-42EA-85DE-325A7C0651D8}
		{2800312A-1970-47FB-87B3-DD7E96405D85} = {80818BD9-AA06-4F52-8CF2-4A9401BFC59E}
	EndGlobalSection
EndGlobal
