<?xml version="1.0" encoding="utf-8"?>
<Project ToolsVersion="4.0" xmlns="http://schemas.microsoft.com/developer/msbuild/2003">
  <ItemGroup>
    <Filter Include="HCF">
      <UniqueIdentifier>{92306437-63f0-4c85-9474-d4c062120287}</UniqueIdentifier>
    </Filter>
    <Filter Include="PrecompiledHeader">
      <UniqueIdentifier>{9e71ebaa-77d5-4109-bd9d-19d92f26bd3f}</UniqueIdentifier>
    </Filter>
    <Filter Include="HCF\Headers">
      <UniqueIdentifier>{6e82b0ad-ccf1-4cb0-bf3b-eac1028d9dc3}</UniqueIdentifier>
    </Filter>
    <Filter Include="HCF\Internal">
      <UniqueIdentifier>{139fee55-610e-4a1b-af44-ed33bc59a502}</UniqueIdentifier>
    </Filter>
    <Filter Include="HCF\Attributes">
      <UniqueIdentifier>{658afc77-0d81-4222-b227-78f922c1538b}</UniqueIdentifier>
    </Filter>
  </ItemGroup>
  <ItemGroup>
    <ClCompile Include="..\..\..\HierarchicalChunkedFormat\stdafx.cpp">
      <Filter>PrecompiledHeader</Filter>
    </ClCompile>
    <ClCompile Include="..\..\..\HierarchicalChunkedFormat\Attributes\ChunkNameAttrib.cpp">
      <Filter>HCF\Attributes</Filter>
    </ClCompile>
    <ClCompile Include="..\..\..\HierarchicalChunkedFormat\Attribute.cpp">
      <Filter>HCF</Filter>
    </ClCompile>
    <ClCompile Include="..\..\..\HierarchicalChunkedFormat\Chunk.cpp">
      <Filter>HCF</Filter>
    </ClCompile>
    <ClCompile Include="..\..\..\HierarchicalChunkedFormat\HCF.cpp">
      <Filter>HCF</Filter>
    </ClCompile>
    <ClCompile Include="..\..\..\HierarchicalChunkedFormat\Internal\AttributeRepr.cpp">
      <Filter>HCF\Internal</Filter>
    </ClCompile>
    <ClCompile Include="..\..\..\HierarchicalChunkedFormat\Internal\ChunkRepr.cpp">
      <Filter>HCF\Internal</Filter>
    </ClCompile>
    <ClCompile Include="..\..\..\HierarchicalChunkedFormat\Internal\ImplHCF.cpp">
      <Filter>HCF\Internal</Filter>
    </ClCompile>
  </ItemGroup>
  <ItemGroup>
    <ClInclude Include="..\..\..\HierarchicalChunkedFormat\stdafx.h">
      <Filter>PrecompiledHeader</Filter>
    </ClInclude>
    <ClInclude Include="..\..\..\HierarchicalChunkedFormat\targetver.h">
      <Filter>PrecompiledHeader</Filter>
    </ClInclude>
    <ClInclude Include="..\..\..\HierarchicalChunkedFormat\Headers\FileHeader.h">
      <Filter>HCF\Headers</Filter>
    </ClInclude>
    <ClInclude Include="..\..\..\HierarchicalChunkedFormat\Headers\ChunkHeader.h">
      <Filter>HCF\Headers</Filter>
    </ClInclude>
    <ClInclude Include="..\..\..\HierarchicalChunkedFormat\Headers\AttributeHeader.h">
      <Filter>HCF\Headers</Filter>
    </ClInclude>
    <ClInclude Include="..\..\..\HierarchicalChunkedFormat\Attributes\AttributeTypes.h">
      <Filter>HCF\Attributes</Filter>
    </ClInclude>
    <ClInclude Include="..\..\..\HierarchicalChunkedFormat\Attributes\IAttribute.h">
      <Filter>HCF\Attributes</Filter>
    </ClInclude>
    <ClInclude Include="..\..\..\HierarchicalChunkedFormat\Attributes\ChunkNameAttrib.h">
      <Filter>HCF\Attributes</Filter>
    </ClInclude>
    <ClInclude Include="..\..\..\HierarchicalChunkedFormat\Attribute.h">
      <Filter>HCF</Filter>
    </ClInclude>
    <ClInclude Include="..\..\..\HierarchicalChunkedFormat\Chunk.h">
      <Filter>HCF</Filter>
    </ClInclude>
    <ClInclude Include="..\..\..\HierarchicalChunkedFormat\HCF.h">
      <Filter>HCF</Filter>
    </ClInclude>
    <ClInclude Include="..\..\..\HierarchicalChunkedFormat\Internal\AttributeRepr.h">
      <Filter>HCF\Internal</Filter>
    </ClInclude>
    <ClInclude Include="..\..\..\HierarchicalChunkedFormat\Internal\ChunkRepr.h">
      <Filter>HCF\Internal</Filter>
    </ClInclude>
    <ClInclude Include="..\..\..\HierarchicalChunkedFormat\Internal\ImplHCF.h">
      <Filter>HCF\Internal</Filter>
    </ClInclude>
  </ItemGroup>
  <ItemGroup>
    <None Include="..\..\..\HierarchicalChunkedFormat\HCF.inl">
      <Filter>HCF</Filter>
    </None>
  </ItemGroup>
</Project>