<?xml version="1.0" encoding="utf-8"?>
<Project ToolsVersion="4.0" xmlns="http://schemas.microsoft.com/developer/msbuild/2003">
  <ItemGroup>
    <Filter Include="Common">
      <UniqueIdentifier>{44bd5427-fbf3-460d-be60-e0f466a0bde3}</UniqueIdentifier>
    </Filter>
    <Filter Include="Common\Properties">
      <UniqueIdentifier>{ae5d449f-760a-4789-ab94-c8f6e2ef9644}</UniqueIdentifier>
    </Filter>
    <Filter Include="Common\Properties\Containers">
      <UniqueIdentifier>{0e26b253-c21f-44e7-b471-9f1660539e0d}</UniqueIdentifier>
    </Filter>
    <Filter Include="System">
      <UniqueIdentifier>{18dd7ec4-67fd-4084-a086-f45872537055}</UniqueIdentifier>
    </Filter>
    <Filter Include="Common\Config">
      <UniqueIdentifier>{9fe33451-06b3-4f57-b44c-6d13c623c1db}</UniqueIdentifier>
    </Filter>
    <Filter Include="Common\Multithreading">
      <UniqueIdentifier>{d2e3373f-b49e-4611-a93b-e727e7ceeb9a}</UniqueIdentifier>
    </Filter>
    <Filter Include="Common\Logging">
      <UniqueIdentifier>{c846e1e2-4296-4192-b226-3874455dc193}</UniqueIdentifier>
    </Filter>
    <Filter Include="System\Filesystem">
      <UniqueIdentifier>{8a21dd59-2a45-46e5-b3ec-17912109b0cf}</UniqueIdentifier>
    </Filter>
  </ItemGroup>
  <ItemGroup>
    <ClCompile Include="..\..\..\Common\Converters.cpp">
      <Filter>Common</Filter>
    </ClCompile>
    <ClCompile Include="..\..\..\Common\EngineObject.cpp">
      <Filter>Common</Filter>
    </ClCompile>
    <ClCompile Include="..\..\..\Common\Properties\Properties.cpp">
      <Filter>Common\Properties</Filter>
    </ClCompile>
    <ClCompile Include="..\..\..\System\Dir.cpp">
      <Filter>System</Filter>
    </ClCompile>
    <ClCompile Include="..\..\..\System\File.cpp">
      <Filter>System</Filter>
    </ClCompile>
    <ClCompile Include="..\..\..\Common\Multithreading\Semaphore.cpp">
      <Filter>Common\Multithreading</Filter>
    </ClCompile>
    <ClCompile Include="..\..\..\Common\Multithreading\ThreadsBarrier.cpp">
      <Filter>Common\Multithreading</Filter>
    </ClCompile>
    <ClCompile Include="..\..\..\Common\Multithreading\ThreadsLatch.cpp">
      <Filter>Common\Multithreading</Filter>
    </ClCompile>
    <ClCompile Include="..\..\..\System\Filesystem\filesystem\path.cpp">
      <Filter>System\Filesystem</Filter>
    </ClCompile>
  </ItemGroup>
  <ItemGroup>
    <ClInclude Include="..\..\..\Common\Converters.h">
      <Filter>Common</Filter>
    </ClInclude>
    <ClInclude Include="..\..\..\Common\EngineObject.h">
      <Filter>Common</Filter>
    </ClInclude>
    <ClInclude Include="..\..\..\Common\MemoryChunk.h">
      <Filter>Common</Filter>
    </ClInclude>
    <ClInclude Include="..\..\..\Common\MemoryLeaks.h">
      <Filter>Common</Filter>
    </ClInclude>
    <ClInclude Include="..\..\..\Common\Nullable.h">
      <Filter>Common</Filter>
    </ClInclude>
    <ClInclude Include="..\..\..\Common\ObjectDeleter.h">
      <Filter>Common</Filter>
    </ClInclude>
    <ClInclude Include="..\..\..\Common\RTTR.h">
      <Filter>Common</Filter>
    </ClInclude>
    <ClInclude Include="..\..\..\Common\Traits.h">
      <Filter>Common</Filter>
    </ClInclude>
    <ClInclude Include="..\..\..\Common\TypesDefinitions.h">
      <Filter>Common</Filter>
    </ClInclude>
    <ClInclude Include="..\..\..\Common\UPtr.h">
      <Filter>Common</Filter>
    </ClInclude>
    <ClInclude Include="..\..\..\Common\Properties\IEnableProperty.h">
      <Filter>Common\Properties</Filter>
    </ClInclude>
    <ClInclude Include="..\..\..\Common\Properties\Properties.h">
      <Filter>Common\Properties</Filter>
    </ClInclude>
    <ClInclude Include="..\..\..\Common\Properties\Property.h">
      <Filter>Common\Properties</Filter>
    </ClInclude>
    <ClInclude Include="..\..\..\Common\Properties\Containers\ICollection.h">
      <Filter>Common\Properties\Containers</Filter>
    </ClInclude>
    <ClInclude Include="..\..\..\System\Dir.h">
      <Filter>System</Filter>
    </ClInclude>
    <ClInclude Include="..\..\..\System\File.h">
      <Filter>System</Filter>
    </ClInclude>
    <ClInclude Include="..\..\..\System\Path.h">
      <Filter>System</Filter>
    </ClInclude>
    <ClInclude Include="..\..\..\Common\Config\ConfigHelper.h">
      <Filter>Common\Config</Filter>
    </ClInclude>
    <ClInclude Include="..\..\..\Common\Multithreading\SpinLock.h">
      <Filter>Common\Multithreading</Filter>
    </ClInclude>
    <ClInclude Include="..\..\..\Common\Multithreading\SpinLockedQueue.h">
      <Filter>Common\Multithreading</Filter>
    </ClInclude>
    <ClInclude Include="..\..\..\Common\Multithreading\Semaphore.h">
      <Filter>Common\Multithreading</Filter>
    </ClInclude>
    <ClInclude Include="..\..\..\Common\Multithreading\ThreadsBarrier.h">
      <Filter>Common\Multithreading</Filter>
    </ClInclude>
    <ClInclude Include="..\..\..\Common\Multithreading\ThreadsLatch.h">
      <Filter>Common\Multithreading</Filter>
    </ClInclude>
    <ClInclude Include="..\..\..\Common\Multithreading\QueueMT.h">
      <Filter>Common\Multithreading</Filter>
    </ClInclude>
    <ClInclude Include="..\..\..\Common\Logging\Logger.h">
      <Filter>Common\Logging</Filter>
    </ClInclude>
    <ClInclude Include="..\..\..\Common\Multithreading\ReaderWriterLock.h">
      <Filter>Common\Multithreading</Filter>
    </ClInclude>
    <ClInclude Include="..\..\..\Common\Multithreading\UniqueLock.h">
      <Filter>Common\Multithreading</Filter>
    </ClInclude>
    <ClInclude Include="..\..\..\System\Filesystem\filesystem\fwd.h">
      <Filter>System\Filesystem</Filter>
    </ClInclude>
    <ClInclude Include="..\..\..\System\Filesystem\filesystem\path.h">
      <Filter>System\Filesystem</Filter>
    </ClInclude>
    <ClInclude Include="..\..\..\System\Filesystem\filesystem\resolver.h">
      <Filter>System\Filesystem</Filter>
    </ClInclude>
  </ItemGroup>
</Project>