<?xml version="1.0" encoding="utf-8"?>
<Project ToolsVersion="4.0" xmlns="http://schemas.microsoft.com/developer/msbuild/2003">
  <ItemGroup>
    <Filter Include="Core">
      <UniqueIdentifier>{e9d5caa6-af62-4385-8920-d9e98a01281d}</UniqueIdentifier>
    </Filter>
    <Filter Include="Core\System">
      <UniqueIdentifier>{60c54db1-0e13-4bf6-bb8e-ab60ea848f72}</UniqueIdentifier>
    </Filter>
    <Filter Include="Core\Controls">
      <UniqueIdentifier>{774b1ce6-12e5-42c3-9683-86e75e033158}</UniqueIdentifier>
    </Filter>
    <Filter Include="Core\Controls\ArrangeControls">
      <UniqueIdentifier>{390141cc-f649-4da2-8f9e-f430d0705348}</UniqueIdentifier>
    </Filter>
    <Filter Include="Core\System\CommonTypes">
      <UniqueIdentifier>{06fd8c45-bf52-4430-906a-d812cd1195f3}</UniqueIdentifier>
    </Filter>
    <Filter Include="Core\System\Events">
      <UniqueIdentifier>{a7e6a018-f94c-4ab8-a9bb-ff41141d7b96}</UniqueIdentifier>
    </Filter>
    <Filter Include="Core\System\Events\Input">
      <UniqueIdentifier>{31d654f3-e988-4186-987d-406350dd9df2}</UniqueIdentifier>
    </Filter>
    <Filter Include="Native">
      <UniqueIdentifier>{e51df8e3-b6f5-4724-b1c5-ca1be764df67}</UniqueIdentifier>
    </Filter>
  </ItemGroup>
  <ItemGroup>
    <ClInclude Include="..\..\..\targetver.h">
      <Filter>Core</Filter>
    </ClInclude>
    <ClInclude Include="..\..\..\Core\Controls\IControl.h">
      <Filter>Core\Controls</Filter>
    </ClInclude>
    <ClInclude Include="..\..\..\Core\Controls\TopLevelControl.h">
      <Filter>Core\Controls</Filter>
    </ClInclude>
    <ClInclude Include="..\..\..\Core\System\CommonTypes\Thickness.h">
      <Filter>Core\System\CommonTypes</Filter>
    </ClInclude>
    <ClInclude Include="..\..\..\Core\System\CommonTypes\CommonTypes.h">
      <Filter>Core\System\CommonTypes</Filter>
    </ClInclude>
    <ClInclude Include="..\..\..\Core\System\Events\IEventArgs.h">
      <Filter>Core\System\Events</Filter>
    </ClInclude>
    <ClInclude Include="..\..\..\Core\System\Events\Input\InputEventArgs.h">
      <Filter>Core\System\Events\Input</Filter>
    </ClInclude>
    <ClInclude Include="..\..\..\Core\System\Events\Input\KeyboardEventArgs.h">
      <Filter>Core\System\Events\Input</Filter>
    </ClInclude>
    <ClInclude Include="..\..\..\Core\System\Events\Input\KeyEventArgs.h">
      <Filter>Core\System\Events\Input</Filter>
    </ClInclude>
    <ClInclude Include="..\..\..\Core\System\Events\Input\MouseButtonEventArgs.h">
      <Filter>Core\System\Events\Input</Filter>
    </ClInclude>
    <ClInclude Include="..\..\..\Core\System\Events\Input\MouseEventArgs.h">
      <Filter>Core\System\Events\Input</Filter>
    </ClInclude>
    <ClInclude Include="..\..\..\Core\System\Events\Input\MouseWheelEventArgs.h">
      <Filter>Core\System\Events\Input</Filter>
    </ClInclude>
    <ClInclude Include="..\..\..\Core\Controls\ArrangeControls\DockPanel.h">
      <Filter>Core\Controls\ArrangeControls</Filter>
    </ClInclude>
    <ClInclude Include="..\..\..\Core\Controls\ArrangeControls\Grid.h">
      <Filter>Core\Controls\ArrangeControls</Filter>
    </ClInclude>
    <ClInclude Include="..\..\..\Core\Controls\ArrangeControls\IPanel.h">
      <Filter>Core\Controls\ArrangeControls</Filter>
    </ClInclude>
    <ClInclude Include="..\..\..\Core\Controls\ArrangeControls\StackPanel.h">
      <Filter>Core\Controls\ArrangeControls</Filter>
    </ClInclude>
    <ClInclude Include="..\..\..\Core\Controls\ArrangeControls\WrapPanel.h">
      <Filter>Core\Controls\ArrangeControls</Filter>
    </ClInclude>
    <ClInclude Include="..\..\..\Native\INativeGUI.h">
      <Filter>Native</Filter>
    </ClInclude>
    <ClInclude Include="..\..\..\Native\INativeWindow.h">
      <Filter>Native</Filter>
    </ClInclude>
    <ClInclude Include="..\..\..\Core\System\GUISystem.h">
      <Filter>Core\System</Filter>
    </ClInclude>
    <ClInclude Include="..\..\..\Core\System\HostWindow.h">
      <Filter>Core\System</Filter>
    </ClInclude>
  </ItemGroup>
  <ItemGroup>
    <ClCompile Include="..\..\..\Core\Controls\IControl.cpp">
      <Filter>Core\Controls</Filter>
    </ClCompile>
    <ClCompile Include="..\..\..\Core\System\Events\IEventArgs.cpp">
      <Filter>Core\System\Events</Filter>
    </ClCompile>
    <ClCompile Include="..\..\..\Core\System\Events\Input\InputEventArgs.cpp">
      <Filter>Core\System\Events\Input</Filter>
    </ClCompile>
    <ClCompile Include="..\..\..\Core\System\Events\Input\KeyboardEventArgs.cpp">
      <Filter>Core\System\Events\Input</Filter>
    </ClCompile>
    <ClCompile Include="..\..\..\Core\System\Events\Input\KeyEventArgs.cpp">
      <Filter>Core\System\Events\Input</Filter>
    </ClCompile>
    <ClCompile Include="..\..\..\Core\System\Events\Input\MouseButtonEventArgs.cpp">
      <Filter>Core\System\Events\Input</Filter>
    </ClCompile>
    <ClCompile Include="..\..\..\Core\System\Events\Input\MouseEventArgs.cpp">
      <Filter>Core\System\Events\Input</Filter>
    </ClCompile>
    <ClCompile Include="..\..\..\Core\System\Events\Input\MouseWheelEventArgs.cpp">
      <Filter>Core\System\Events\Input</Filter>
    </ClCompile>
    <ClCompile Include="..\..\..\Core\Controls\ArrangeControls\DockPanel.cpp">
      <Filter>Core\Controls\ArrangeControls</Filter>
    </ClCompile>
    <ClCompile Include="..\..\..\Core\Controls\ArrangeControls\Grid.cpp">
      <Filter>Core\Controls\ArrangeControls</Filter>
    </ClCompile>
    <ClCompile Include="..\..\..\Core\Controls\ArrangeControls\IPanel.cpp">
      <Filter>Core\Controls\ArrangeControls</Filter>
    </ClCompile>
    <ClCompile Include="..\..\..\Core\Controls\ArrangeControls\StackPanel.cpp">
      <Filter>Core\Controls\ArrangeControls</Filter>
    </ClCompile>
    <ClCompile Include="..\..\..\Core\Controls\ArrangeControls\WrapPanel.cpp">
      <Filter>Core\Controls\ArrangeControls</Filter>
    </ClCompile>
    <ClCompile Include="..\..\..\Core\System\GUISystem.cpp">
      <Filter>Core\System</Filter>
    </ClCompile>
    <ClCompile Include="..\..\..\Core\System\HostWindow.cpp">
      <Filter>Core\System</Filter>
    </ClCompile>
    <ClCompile Include="..\..\..\Core\System\Initializers.cpp">
      <Filter>Core\System</Filter>
    </ClCompile>
  </ItemGroup>
</Project>