<?xml version="1.0" encoding="utf-8"?>
<Project ToolsVersion="4.0" xmlns="http://schemas.microsoft.com/developer/msbuild/2003">
  <ItemGroup>
    <Filter Include="DirectInput">
      <UniqueIdentifier>{65fa13a9-b410-4f98-8751-bafd00a45de2}</UniqueIdentifier>
    </Filter>
    <Filter Include="InputLibrary">
      <UniqueIdentifier>{245f00fd-e4ca-43a2-85cb-ee99ccddcb4e}</UniqueIdentifier>
    </Filter>
  </ItemGroup>
  <ItemGroup>
    <ClInclude Include="..\..\..\DirectInput\DirectInputModule.h">
      <Filter>DirectInput</Filter>
    </ClInclude>
    <ClInclude Include="..\..\..\Factory.h">
      <Filter>InputLibrary</Filter>
    </ClInclude>
    <ClInclude Include="..\..\..\IInput.h">
      <Filter>InputLibrary</Filter>
    </ClInclude>
    <ClInclude Include="..\..\..\InputDeviceInfo.h">
      <Filter>InputLibrary</Filter>
    </ClInclude>
    <ClInclude Include="..\..\..\JoystickState.h">
      <Filter>InputLibrary</Filter>
    </ClInclude>
    <ClInclude Include="..\..\..\KeyboardState.h">
      <Filter>InputLibrary</Filter>
    </ClInclude>
    <ClInclude Include="..\..\..\KeyState.h">
      <Filter>InputLibrary</Filter>
    </ClInclude>
    <ClInclude Include="..\..\..\MouseState.h">
      <Filter>InputLibrary</Filter>
    </ClInclude>
    <ClInclude Include="..\..\..\DirectInput\IncludeDirectInput.h">
      <Filter>DirectInput</Filter>
    </ClInclude>
    <ClInclude Include="..\..\..\KeyboardDevice.h">
      <Filter>InputLibrary</Filter>
    </ClInclude>
    <ClInclude Include="..\..\..\InputDeviceEvent.h">
      <Filter>InputLibrary</Filter>
    </ClInclude>
    <ClInclude Include="..\..\..\MouseDevice.h">
      <Filter>InputLibrary</Filter>
    </ClInclude>
    <ClInclude Include="..\..\..\JoystickDevice.h">
      <Filter>InputLibrary</Filter>
    </ClInclude>
    <ClInclude Include="..\..\..\Device.h">
      <Filter>InputLibrary</Filter>
    </ClInclude>
  </ItemGroup>
  <ItemGroup>
    <ClCompile Include="..\..\..\DirectInput\DirectInputModule.cpp">
      <Filter>DirectInput</Filter>
    </ClCompile>
  </ItemGroup>
</Project>