
Microsoft Visual Studio Solution File, Format Version 12.00
# Visual Studio 14
VisualStudioVersion = 14.0.25420.1
MinimumVisualStudioVersion = 10.0.40219.1
Project("{8BC9CEB8-8B4A-11D0-8D11-00A0C91BC942}") = "VoxelRenderer", "VoxelRenderer\VoxelRenderer.vcxproj", "{3BF4345D-C8E6-4A4D-9DE3-F9D51266B1F6}"
	ProjectSection(ProjectDependencies) = postProject
		{59FA8028-2346-4246-854F-14DCFAB6AB56} = {59FA8028-2346-4246-854F-14DCFAB6AB56}
	EndProjectSection
EndProject
Project("{8BC9CEB8-8B4A-11D0-8D11-00A0C91BC942}") = "SerializerJSON", "..\Code\swCommonLib\Projects\Visual2015\SerializerJSON\SerializerJSON.vcxproj", "{D8738375-5855-4241-8CB9-63FFE08E1B96}"
EndProject
Project("{2150E333-8FDC-42A3-9474-1A3956D46DE8}") = "Serialization", "Serialization", "{E69067E0-4911-4971-8702-3E7517C264E3}"
EndProject
Project("{8BC9CEB8-8B4A-11D0-8D11-00A0C91BC942}") = "SerializerXML", "..\Code\swCommonLib\Projects\Visual2015\SerializerXML\SerializerXML.vcxproj", "{91CC6D16-F22C-434A-95E0-35EE857054C7}"
EndProject
Project("{8BC9CEB8-8B4A-11D0-8D11-00A0C91BC942}") = "Reflection", "..\Code\swCommonLib\Projects\Visual2015\Reflection\Reflection.vcxproj", "{59FA8028-2346-4246-854F-14DCFAB6AB56}"
EndProject
Project("{8BC9CEB8-8B4A-11D0-8D11-00A0C91BC942}") = "CommonBase", "..\Code\swCommonLib\Projects\Visual2015\CommonBase\CommonBase.vcxproj", "{9ABCBAB4-05B4-47C5-B5D8-F201559FD096}"
EndProject
Project("{8BC9CEB8-8B4A-11D0-8D11-00A0C91BC942}") = "Serialization", "..\Code\swCommonLib\Projects\Visual2015\Serialization\Serialization.vcxproj", "{561754CB-295D-4D69-8DBC-BC069D1A636A}"
EndProject
Project("{2150E333-8FDC-42A3-9474-1A3956D46DE8}") = "Tests", "Tests", "{236BB984-A2C6-4873-9160-8D6FE7DB0B34}"
EndProject
Project("{8BC9CEB8-8B4A-11D0-8D11-00A0C91BC942}") = "SerializationXMLTest", "..\Code\swCommonLib\Projects\Visual2015\Tests\Serialization\SerializationXML\SerializationXML.vcxproj", "{C3291F70-58A1-48AD-BA9A-A8A9B176EA70}"
EndProject
Project("{8BC9CEB8-8B4A-11D0-8D11-00A0C91BC942}") = "SerializationJSONTest", "..\Code\swCommonLib\Projects\Visual2015\Tests\Serialization\SerializationJSON\SerializationJSON.vcxproj", "{DB1936FB-7267-4EE8-8F96-E4BB79CCE7ED}"
EndProject
Project("{8BC9CEB8-8B4A-11D0-8D11-00A0C91BC942}") = "UnitTestRTTR", "..\Code\swCommonLib\Projects\Visual2015\Tests\UnitTestRTTR\UnitTestRTTR.vcxproj", "{3F6348E2-4621-45C6-AD8D-91B8BE4C9072}"
EndProject
Project("{8BC9CEB8-8B4A-11D0-8D11-00A0C91BC942}") = "ParameterAnimation", "..\Code\swCommonLib\Projects\Visual2015\ParameterAnimation\ParameterAnimation.vcxproj", "{7AAE81D3-4848-4F34-A1F2-F8F9E24E5773}"
EndProject
Project("{8BC9CEB8-8B4A-11D0-8D11-00A0C91BC942}") = "PropertyAnimationTest", "..\Code\swCommonLib\Projects\Visual2015\Tests\PropertyAnimationTest\PropertyAnimationTest.vcxproj", "{1EAA1FC4-3E36-4CC8-B6C5-B32EDD3962C2}"
EndProject
Project("{2150E333-8FDC-42A3-9474-1A3956D46DE8}") = "swLibraries", "swLibraries", "{167D2DC1-47D0-4384-BB29-4A673F7EB35C}"
EndProject
Project("{2150E333-8FDC-42A3-9474-1A3956D46DE8}") = "CommonLibrary", "CommonLibrary", "{5264A6C4-7E1A-4695-BAEE-E3634AA308C9}"
EndProject
Project("{2150E333-8FDC-42A3-9474-1A3956D46DE8}") = "GraphicAPI", "GraphicAPI", "{0E0AF65E-B694-4E7E-8A16-A577065B0BC8}"
EndProject
Project("{2150E333-8FDC-42A3-9474-1A3956D46DE8}") = "InputLibrary", "InputLibrary", "{1B423F84-0D4B-4899-9A83-36B4EABEB58A}"
EndProject
Project("{2150E333-8FDC-42A3-9474-1A3956D46DE8}") = "GUI", "GUI", "{20734CE1-5FB7-48DC-9377-DD64CC667BA8}"
EndProject
Project("{8BC9CEB8-8B4A-11D0-8D11-00A0C91BC942}") = "DX11API", "..\Code\swGraphicAPI\ProjectsDir\Visual2015\DX11API\DX11API.vcxproj", "{44643D7F-1C71-41C1-B452-B2DC5E088A58}"
EndProject
Project("{8BC9CEB8-8B4A-11D0-8D11-00A0C91BC942}") = "ResourceManager", "..\Code\swGraphicAPI\ProjectsDir\Visual2015\ResourceManager\ResourceManager.vcxproj", "{9F71F0DA-1D72-4E96-93B7-5AC2C9CB6EDE}"
EndProject
Project("{8BC9CEB8-8B4A-11D0-8D11-00A0C91BC942}") = "WPFInputProxy", "..\Code\swInputLibrary\ProjectsDir\Visual2015\WPFInputProxy\WPFInputProxy.vcxproj", "{364E3CFB-CCAA-4AAF-AA03-D6E2D9749228}"
EndProject
Project("{8BC9CEB8-8B4A-11D0-8D11-00A0C91BC942}") = "WinApiInputProxy", "..\Code\swInputLibrary\ProjectsDir\Visual2015\WinApiInputProxy\WinApiInputProxy.vcxproj", "{9351732D-B6EC-4DB2-BD75-F18E880B3815}"
EndProject
Project("{8BC9CEB8-8B4A-11D0-8D11-00A0C91BC942}") = "DirectInput", "..\Code\swInputLibrary\ProjectsDir\Visual2015\DirectInput\DirectInput.vcxproj", "{D1075B79-925A-436F-8C53-09BD4D5787E4}"
EndProject
Project("{8BC9CEB8-8B4A-11D0-8D11-00A0C91BC942}") = "CoreGUI", "..\Code\swGUI\ProjectDir\Visual2015\CoreGUI\CoreGUI.vcxproj", "{C6DAB3EE-E9A7-47FC-9B33-A8F4250C219B}"
EndProject
Project("{2150E333-8FDC-42A3-9474-1A3956D46DE8}") = "Tests", "Tests", "{CAC5582E-F5A0-42EA-85DE-325A7C0651D8}"
EndProject
Project("{8BC9CEB8-8B4A-11D0-8D11-00A0C91BC942}") = "PrototyperGUI", "..\Code\swGUI\ProjectDir\Visual2015\Tests\PrototyperGUI\PrototyperGUI.vcxproj", "{F2104B29-1AF3-4434-BA9C-78D0F2A4635F}"
EndProject
Project("{2150E333-8FDC-42A3-9474-1A3956D46DE8}") = "Native", "Native", "{80818BD9-AA06-4F52-8CF2-4A9401BFC59E}"
EndProject
Project("{8BC9CEB8-8B4A-11D0-8D11-00A0C91BC942}") = "Win32NativeGUI", "..\Code\swGUI\ProjectDir\Visual2015\Win32NativeGUI\Win32NativeGUI.vcxproj", "{267292A0-C262-43E7-AFB1-1F63439FD465}"
EndProject
Project("{8BC9CEB8-8B4A-11D0-8D11-00A0C91BC942}") = "VoxelConverter", "VoxelConverter\VoxelConverter.vcxproj", "{07E75BAA-5125-442A-9432-FD5131C5B65A}"
EndProject
Project("{8BC9CEB8-8B4A-11D0-8D11-00A0C91BC942}") = "HierarchicalChunkedFormat", "..\Code\swCommonLib\Projects\Visual2015\HierarchicalChunkedFormat\HierarchicalChunkedFormat.vcxproj", "{50CF2C5D-4A13-4D16-8E65-441FE7155333}"
EndProject
Project("{8BC9CEB8-8B4A-11D0-8D11-00A0C91BC942}") = "TestHCF", "..\Code\swCommonLib\Projects\Visual2015\Tests\TestHCF\TestHCF.vcxproj", "{CC1DC1E6-26BB-43D3-A156-4C60DC92DDB5}"
EndProject
Project("{8BC9CEB8-8B4A-11D0-8D11-00A0C91BC942}") = "InputCore", "..\Code\swInputLibrary\ProjectsDir\Visual2015\InputCore\InputCore.vcxproj", "{EBC3ABF4-E788-4242-A949-D366FC128B0E}"
EndProject
Project("{2150E333-8FDC-42A3-9474-1A3956D46DE8}") = "Geometrics", "Geometrics", "{4B911A05-4E3D-44AA-A489-8F6911273A2D}"
EndProject
Project("{8BC9CEB8-8B4A-11D0-8D11-00A0C91BC942}") = "GeometricsCore", "..\Code\swGeometrics\ProjectDir\Visual2015\GeometricsCore\GeometricsCore.vcxproj", "{5476CBF5-F7F9-488F-B55C-B6331B82C54A}"
EndProject
Project("{2150E333-8FDC-42A3-9474-1A3956D46DE8}") = "External", "External", "{BD41995D-7DED-4CB4-8375-882724917B82}"
EndProject
Project("{8BC9CEB8-8B4A-11D0-8D11-00A0C91BC942}") = "Soil2", "Soil2\Soil2.vcxproj", "{5D7A9630-092C-4A17-BB50-51750C67BAEC}"
EndProject
Project("{8BC9CEB8-8B4A-11D0-8D11-00A0C91BC942}") = "ShellMeshTools", "ShellMeshTools\ShellMeshTools.vcxproj", "{2EFECBBB-DD42-4B38-A65A-640EAF4DE9B6}"
EndProject
Project("{8BC9CEB8-8B4A-11D0-8D11-00A0C91BC942}") = "FbxToObjConverter", "FbxToObjConverter\FbxToObjConverter.vcxproj", "{8E37A4EB-7660-409F-B390-D0D79C8252F2}"
EndProject
Global
	GlobalSection(SolutionConfigurationPlatforms) = preSolution
		Debug|x64 = Debug|x64
		Debug|x86 = Debug|x86
		Release|x64 = Release|x64
		Release|x86 = Release|x86
	EndGlobalSection
	GlobalSection(ProjectConfigurationPlatforms) = postSolution
		{3BF4345D-C8E6-4A4D-9DE3-F9D51266B1F6}.Debug|x64.ActiveCfg = Debug|x64
		{3BF4345D-C8E6-4A4D-9DE3-F9D51266B1F6}.Debug|x64.Build.0 = Debug|x64
		{3BF4345D-C8E6-4A4D-9DE3-F9D51266B1F6}.Debug|x86.ActiveCfg = Debug|Win32
		{3BF4345D-C8E6-4A4D-9DE3-F9D51266B1F6}.Debug|x86.Build.0 = Debug|Win32
		{3BF4345D-C8E6-4A4D-9DE3-F9D51266B1F6}.Release|x64.ActiveCfg = Release|x64
		{3BF4345D-C8E6-4A4D-9DE3-F9D51266B1F6}.Release|x64.Build.0 = Release|x64
		{3BF4345D-C8E6-4A4D-9DE3-F9D51266B1F6}.Release|x86.ActiveCfg = Release|Win32
		{3BF4345D-C8E6-4A4D-9DE3-F9D51266B1F6}.Release|x86.Build.0 = Release|Win32
		{D8738375-5855-4241-8CB9-63FFE08E1B96}.Debug|x64.ActiveCfg = Debug|x64
		{D8738375-5855-4241-8CB9-63FFE08E1B96}.Debug|x64.Build.0 = Debug|x64
		{D8738375-5855-4241-8CB9-63FFE08E1B96}.Debug|x86.ActiveCfg = Debug|Win32
		{D8738375-5855-4241-8CB9-63FFE08E1B96}.Debug|x86.Build.0 = Debug|Win32
		{D8738375-5855-4241-8CB9-63FFE08E1B96}.Release|x64.ActiveCfg = Release|x64
		{D8738375-5855-4241-8CB9-63FFE08E1B96}.Release|x64.Build.0 = Release|x64
		{D8738375-5855-4241-8CB9-63FFE08E1B96}.Release|x86.ActiveCfg = Release|Win32
		{D8738375-5855-4241-8CB9-63FFE08E1B96}.Release|x86.Build.0 = Release|Win32
		{91CC6D16-F22C-434A-95E0-35EE857054C7}.Debug|x64.ActiveCfg = Debug|x64
		{91CC6D16-F22C-434A-95E0-35EE857054C7}.Debug|x64.Build.0 = Debug|x64
		{91CC6D16-F22C-434A-95E0-35EE857054C7}.Debug|x86.ActiveCfg = Debug|Win32
		{91CC6D16-F22C-434A-95E0-35EE857054C7}.Debug|x86.Build.0 = Debug|Win32
		{91CC6D16-F22C-434A-95E0-35EE857054C7}.Release|x64.ActiveCfg = Release|x64
		{91CC6D16-F22C-434A-95E0-35EE857054C7}.Release|x64.Build.0 = Release|x64
		{91CC6D16-F22C-434A-95E0-35EE857054C7}.Release|x86.ActiveCfg = Release|Win32
		{91CC6D16-F22C-434A-95E0-35EE857054C7}.Release|x86.Build.0 = Release|Win32
		{59FA8028-2346-4246-854F-14DCFAB6AB56}.Debug|x64.ActiveCfg = Debug|x64
		{59FA8028-2346-4246-854F-14DCFAB6AB56}.Debug|x64.Build.0 = Debug|x64
		{59FA8028-2346-4246-854F-14DCFAB6AB56}.Debug|x86.ActiveCfg = Debug|Win32
		{59FA8028-2346-4246-854F-14DCFAB6AB56}.Debug|x86.Build.0 = Debug|Win32
		{59FA8028-2346-4246-854F-14DCFAB6AB56}.Release|x64.ActiveCfg = Release|x64
		{59FA8028-2346-4246-854F-14DCFAB6AB56}.Release|x64.Build.0 = Release|x64
		{59FA8028-2346-4246-854F-14DCFAB6AB56}.Release|x86.ActiveCfg = Release|Win32
		{59FA8028-2346-4246-854F-14DCFAB6AB56}.Release|x86.Build.0 = Release|Win32
		{9ABCBAB4-05B4-47C5-B5D8-F201559FD096}.Debug|x64.ActiveCfg = Debug|x64
		{9ABCBAB4-05B4-47C5-B5D8-F201559FD096}.Debug|x64.Build.0 = Debug|x64
		{9ABCBAB4-05B4-47C5-B5D8-F201559FD096}.Debug|x86.ActiveCfg = Debug|Win32
		{9ABCBAB4-05B4-47C5-B5D8-F201559FD096}.Debug|x86.Build.0 = Debug|Win32
		{9ABCBAB4-05B4-47C5-B5D8-F201559FD096}.Release|x64.ActiveCfg = Release|x64
		{9ABCBAB4-05B4-47C5-B5D8-F201559FD096}.Release|x64.Build.0 = Release|x64
		{9ABCBAB4-05B4-47C5-B5D8-F201559FD096}.Release|x86.ActiveCfg = Release|Win32
		{9ABCBAB4-05B4-47C5-B5D8-F201559FD096}.Release|x86.Build.0 = Release|Win32
		{561754CB-295D-4D69-8DBC-BC069D1A636A}.Debug|x64.ActiveCfg = Debug|x64
		{561754CB-295D-4D69-8DBC-BC069D1A636A}.Debug|x64.Build.0 = Debug|x64
		{561754CB-295D-4D69-8DBC-BC069D1A636A}.Debug|x86.ActiveCfg = Debug|Win32
		{561754CB-295D-4D69-8DBC-BC069D1A636A}.Debug|x86.Build.0 = Debug|Win32
		{561754CB-295D-4D69-8DBC-BC069D1A636A}.Release|x64.ActiveCfg = Release|x64
		{561754CB-295D-4D69-8DBC-BC069D1A636A}.Release|x64.Build.0 = Release|x64
		{561754CB-295D-4D69-8DBC-BC069D1A636A}.Release|x86.ActiveCfg = Release|Win32
		{561754CB-295D-4D69-8DBC-BC069D1A636A}.Release|x86.Build.0 = Release|Win32
		{C3291F70-58A1-48AD-BA9A-A8A9B176EA70}.Debug|x64.ActiveCfg = Debug|x64
		{C3291F70-58A1-48AD-BA9A-A8A9B176EA70}.Debug|x64.Build.0 = Debug|x64
		{C3291F70-58A1-48AD-BA9A-A8A9B176EA70}.Debug|x86.ActiveCfg = Debug|Win32
		{C3291F70-58A1-48AD-BA9A-A8A9B176EA70}.Debug|x86.Build.0 = Debug|Win32
		{C3291F70-58A1-48AD-BA9A-A8A9B176EA70}.Release|x64.ActiveCfg = Release|x64
		{C3291F70-58A1-48AD-BA9A-A8A9B176EA70}.Release|x64.Build.0 = Release|x64
		{C3291F70-58A1-48AD-BA9A-A8A9B176EA70}.Release|x86.ActiveCfg = Release|Win32
		{C3291F70-58A1-48AD-BA9A-A8A9B176EA70}.Release|x86.Build.0 = Release|Win32
		{DB1936FB-7267-4EE8-8F96-E4BB79CCE7ED}.Debug|x64.ActiveCfg = Debug|x64
		{DB1936FB-7267-4EE8-8F96-E4BB79CCE7ED}.Debug|x64.Build.0 = Debug|x64
		{DB1936FB-7267-4EE8-8F96-E4BB79CCE7ED}.Debug|x86.ActiveCfg = Debug|Win32
		{DB1936FB-7267-4EE8-8F96-E4BB79CCE7ED}.Debug|x86.Build.0 = Debug|Win32
		{DB1936FB-7267-4EE8-8F96-E4BB79CCE7ED}.Release|x64.ActiveCfg = Release|x64
		{DB1936FB-7267-4EE8-8F96-E4BB79CCE7ED}.Release|x64.Build.0 = Release|x64
		{DB1936FB-7267-4EE8-8F96-E4BB79CCE7ED}.Release|x86.ActiveCfg = Release|Win32
		{DB1936FB-7267-4EE8-8F96-E4BB79CCE7ED}.Release|x86.Build.0 = Release|Win32
		{3F6348E2-4621-45C6-AD8D-91B8BE4C9072}.Debug|x64.ActiveCfg = Debug|x64
		{3F6348E2-4621-45C6-AD8D-91B8BE4C9072}.Debug|x64.Build.0 = Debug|x64
		{3F6348E2-4621-45C6-AD8D-91B8BE4C9072}.Debug|x86.ActiveCfg = Debug|Win32
		{3F6348E2-4621-45C6-AD8D-91B8BE4C9072}.Debug|x86.Build.0 = Debug|Win32
		{3F6348E2-4621-45C6-AD8D-91B8BE4C9072}.Release|x64.ActiveCfg = Release|x64
		{3F6348E2-4621-45C6-AD8D-91B8BE4C9072}.Release|x64.Build.0 = Release|x64
		{3F6348E2-4621-45C6-AD8D-91B8BE4C9072}.Release|x86.ActiveCfg = Release|Win32
		{3F6348E2-4621-45C6-AD8D-91B8BE4C9072}.Release|x86.Build.0 = Release|Win32
		{7AAE81D3-4848-4F34-A1F2-F8F9E24E5773}.Debug|x64.ActiveCfg = Debug|x64
		{7AAE81D3-4848-4F34-A1F2-F8F9E24E5773}.Debug|x64.Build.0 = Debug|x64
		{7AAE81D3-4848-4F34-A1F2-F8F9E24E5773}.Debug|x86.ActiveCfg = Debug|Win32
		{7AAE81D3-4848-4F34-A1F2-F8F9E24E5773}.Debug|x86.Build.0 = Debug|Win32
		{7AAE81D3-4848-4F34-A1F2-F8F9E24E5773}.Release|x64.ActiveCfg = Release|x64
		{7AAE81D3-4848-4F34-A1F2-F8F9E24E5773}.Release|x64.Build.0 = Release|x64
		{7AAE81D3-4848-4F34-A1F2-F8F9E24E5773}.Release|x86.ActiveCfg = Release|Win32
		{7AAE81D3-4848-4F34-A1F2-F8F9E24E5773}.Release|x86.Build.0 = Release|Win32
		{1EAA1FC4-3E36-4CC8-B6C5-B32EDD3962C2}.Debug|x64.ActiveCfg = Debug|x64
		{1EAA1FC4-3E36-4CC8-B6C5-B32EDD3962C2}.Debug|x64.Build.0 = Debug|x64
		{1EAA1FC4-3E36-4CC8-B6C5-B32EDD3962C2}.Debug|x86.ActiveCfg = Debug|Win32
		{1EAA1FC4-3E36-4CC8-B6C5-B32EDD3962C2}.Debug|x86.Build.0 = Debug|Win32
		{1EAA1FC4-3E36-4CC8-B6C5-B32EDD3962C2}.Release|x64.ActiveCfg = Release|x64
		{1EAA1FC4-3E36-4CC8-B6C5-B32EDD3962C2}.Release|x64.Build.0 = Release|x64
		{1EAA1FC4-3E36-4CC8-B6C5-B32EDD3962C2}.Release|x86.ActiveCfg = Release|Win32
		{1EAA1FC4-3E36-4CC8-B6C5-B32EDD3962C2}.Release|x86.Build.0 = Release|Win32
		{44643D7F-1C71-41C1-B452-B2DC5E088A58}.Debug|x64.ActiveCfg = Debug|x64
		{44643D7F-1C71-41C1-B452-B2DC5E088A58}.Debug|x64.Build.0 = Debug|x64
		{44643D7F-1C71-41C1-B452-B2DC5E088A58}.Debug|x86.ActiveCfg = Debug|Win32
		{44643D7F-1C71-41C1-B452-B2DC5E088A58}.Debug|x86.Build.0 = Debug|Win32
		{44643D7F-1C71-41C1-B452-B2DC5E088A58}.Release|x64.ActiveCfg = Release|x64
		{44643D7F-1C71-41C1-B452-B2DC5E088A58}.Release|x64.Build.0 = Release|x64
		{44643D7F-1C71-41C1-B452-B2DC5E088A58}.Release|x86.ActiveCfg = Release|Win32
		{44643D7F-1C71-41C1-B452-B2DC5E088A58}.Release|x86.Build.0 = Release|Win32
		{9F71F0DA-1D72-4E96-93B7-5AC2C9CB6EDE}.Debug|x64.ActiveCfg = Debug|x64
		{9F71F0DA-1D72-4E96-93B7-5AC2C9CB6EDE}.Debug|x64.Build.0 = Debug|x64
		{9F71F0DA-1D72-4E96-93B7-5AC2C9CB6EDE}.Debug|x86.ActiveCfg = Debug|Win32
		{9F71F0DA-1D72-4E96-93B7-5AC2C9CB6EDE}.Debug|x86.Build.0 = Debug|Win32
		{9F71F0DA-1D72-4E96-93B7-5AC2C9CB6EDE}.Release|x64.ActiveCfg = Release|x64
		{9F71F0DA-1D72-4E96-93B7-5AC2C9CB6EDE}.Release|x64.Build.0 = Release|x64
		{9F71F0DA-1D72-4E96-93B7-5AC2C9CB6EDE}.Release|x86.ActiveCfg = Release|Win32
		{9F71F0DA-1D72-4E96-93B7-5AC2C9CB6EDE}.Release|x86.Build.0 = Release|Win32
		{364E3CFB-CCAA-4AAF-AA03-D6E2D9749228}.Debug|x64.ActiveCfg = Debug|x64
		{364E3CFB-CCAA-4AAF-AA03-D6E2D9749228}.Debug|x64.Build.0 = Debug|x64
		{364E3CFB-CCAA-4AAF-AA03-D6E2D9749228}.Debug|x86.ActiveCfg = Debug|Win32
		{364E3CFB-CCAA-4AAF-AA03-D6E2D9749228}.Debug|x86.Build.0 = Debug|Win32
		{364E3CFB-CCAA-4AAF-AA03-D6E2D9749228}.Release|x64.ActiveCfg = Release|x64
		{364E3CFB-CCAA-4AAF-AA03-D6E2D9749228}.Release|x64.Build.0 = Release|x64
		{364E3CFB-CCAA-4AAF-AA03-D6E2D9749228}.Release|x86.ActiveCfg = Release|Win32
		{364E3CFB-CCAA-4AAF-AA03-D6E2D9749228}.Release|x86.Build.0 = Release|Win32
		{9351732D-B6EC-4DB2-BD75-F18E880B3815}.Debug|x64.ActiveCfg = Debug|x64
		{9351732D-B6EC-4DB2-BD75-F18E880B3815}.Debug|x64.Build.0 = Debug|x64
		{9351732D-B6EC-4DB2-BD75-F18E880B3815}.Debug|x86.ActiveCfg = Debug|Win32
		{9351732D-B6EC-4DB2-BD75-F18E880B3815}.Debug|x86.Build.0 = Debug|Win32
		{9351732D-B6EC-4DB2-BD75-F18E880B3815}.Release|x64.ActiveCfg = Release|x64
		{9351732D-B6EC-4DB2-BD75-F18E880B3815}.Release|x64.Build.0 = Release|x64
		{9351732D-B6EC-4DB2-BD75-F18E880B3815}.Release|x86.ActiveCfg = Release|Win32
		{9351732D-B6EC-4DB2-BD75-F18E880B3815}.Release|x86.Build.0 = Release|Win32
		{D1075B79-925A-436F-8C53-09BD4D5787E4}.Debug|x64.ActiveCfg = Debug|x64
		{D1075B79-925A-436F-8C53-09BD4D5787E4}.Debug|x64.Build.0 = Debug|x64
		{D1075B79-925A-436F-8C53-09BD4D5787E4}.Debug|x86.ActiveCfg = Debug|Win32
		{D1075B79-925A-436F-8C53-09BD4D5787E4}.Debug|x86.Build.0 = Debug|Win32
		{D1075B79-925A-436F-8C53-09BD4D5787E4}.Release|x64.ActiveCfg = Release|x64
		{D1075B79-925A-436F-8C53-09BD4D5787E4}.Release|x64.Build.0 = Release|x64
		{D1075B79-925A-436F-8C53-09BD4D5787E4}.Release|x86.ActiveCfg = Release|Win32
		{D1075B79-925A-436F-8C53-09BD4D5787E4}.Release|x86.Build.0 = Release|Win32
		{C6DAB3EE-E9A7-47FC-9B33-A8F4250C219B}.Debug|x64.ActiveCfg = Debug|x64
		{C6DAB3EE-E9A7-47FC-9B33-A8F4250C219B}.Debug|x64.Build.0 = Debug|x64
		{C6DAB3EE-E9A7-47FC-9B33-A8F4250C219B}.Debug|x86.ActiveCfg = Debug|Win32
		{C6DAB3EE-E9A7-47FC-9B33-A8F4250C219B}.Debug|x86.Build.0 = Debug|Win32
		{C6DAB3EE-E9A7-47FC-9B33-A8F4250C219B}.Release|x64.ActiveCfg = Release|x64
		{C6DAB3EE-E9A7-47FC-9B33-A8F4250C219B}.Release|x64.Build.0 = Release|x64
		{C6DAB3EE-E9A7-47FC-9B33-A8F4250C219B}.Release|x86.ActiveCfg = Release|Win32
		{C6DAB3EE-E9A7-47FC-9B33-A8F4250C219B}.Release|x86.Build.0 = Release|Win32
		{F2104B29-1AF3-4434-BA9C-78D0F2A4635F}.Debug|x64.ActiveCfg = Debug|x64
		{F2104B29-1AF3-4434-BA9C-78D0F2A4635F}.Debug|x64.Build.0 = Debug|x64
		{F2104B29-1AF3-4434-BA9C-78D0F2A4635F}.Debug|x86.ActiveCfg = Debug|Win32
		{F2104B29-1AF3-4434-BA9C-78D0F2A4635F}.Debug|x86.Build.0 = Debug|Win32
		{F2104B29-1AF3-4434-BA9C-78D0F2A4635F}.Release|x64.ActiveCfg = Release|x64
		{F2104B29-1AF3-4434-BA9C-78D0F2A4635F}.Release|x64.Build.0 = Release|x64
		{F2104B29-1AF3-4434-BA9C-78D0F2A4635F}.Release|x86.ActiveCfg = Release|Win32
		{F2104B29-1AF3-4434-BA9C-78D0F2A4635F}.Release|x86.Build.0 = Release|Win32
		{267292A0-C262-43E7-AFB1-1F63439FD465}.Debug|x64.ActiveCfg = Debug|x64
		{267292A0-C262-43E7-AFB1-1F63439FD465}.Debug|x64.Build.0 = Debug|x64
		{267292A0-C262-43E7-AFB1-1F63439FD465}.Debug|x86.ActiveCfg = Debug|Win32
		{267292A0-C262-43E7-AFB1-1F63439FD465}.Debug|x86.Build.0 = Debug|Win32
		{267292A0-C262-43E7-AFB1-1F63439FD465}.Release|x64.ActiveCfg = Release|x64
		{267292A0-C262-43E7-AFB1-1F63439FD465}.Release|x64.Build.0 = Release|x64
		{267292A0-C262-43E7-AFB1-1F63439FD465}.Release|x86.ActiveCfg = Release|Win32
		{267292A0-C262-43E7-AFB1-1F63439FD465}.Release|x86.Build.0 = Release|Win32
		{07E75BAA-5125-442A-9432-FD5131C5B65A}.Debug|x64.ActiveCfg = Debug|x64
		{07E75BAA-5125-442A-9432-FD5131C5B65A}.Debug|x64.Build.0 = Debug|x64
		{07E75BAA-5125-442A-9432-FD5131C5B65A}.Debug|x86.ActiveCfg = Debug|Win32
		{07E75BAA-5125-442A-9432-FD5131C5B65A}.Debug|x86.Build.0 = Debug|Win32
		{07E75BAA-5125-442A-9432-FD5131C5B65A}.Release|x64.ActiveCfg = Release|x64
		{07E75BAA-5125-442A-9432-FD5131C5B65A}.Release|x64.Build.0 = Release|x64
		{07E75BAA-5125-442A-9432-FD5131C5B65A}.Release|x86.ActiveCfg = Release|Win32
		{07E75BAA-5125-442A-9432-FD5131C5B65A}.Release|x86.Build.0 = Release|Win32
		{50CF2C5D-4A13-4D16-8E65-441FE7155333}.Debug|x64.ActiveCfg = Debug|x64
		{50CF2C5D-4A13-4D16-8E65-441FE7155333}.Debug|x64.Build.0 = Debug|x64
		{50CF2C5D-4A13-4D16-8E65-441FE7155333}.Debug|x86.ActiveCfg = Debug|Win32
		{50CF2C5D-4A13-4D16-8E65-441FE7155333}.Debug|x86.Build.0 = Debug|Win32
		{50CF2C5D-4A13-4D16-8E65-441FE7155333}.Release|x64.ActiveCfg = Release|x64
		{50CF2C5D-4A13-4D16-8E65-441FE7155333}.Release|x64.Build.0 = Release|x64
		{50CF2C5D-4A13-4D16-8E65-441FE7155333}.Release|x86.ActiveCfg = Release|Win32
		{50CF2C5D-4A13-4D16-8E65-441FE7155333}.Release|x86.Build.0 = Release|Win32
		{CC1DC1E6-26BB-43D3-A156-4C60DC92DDB5}.Debug|x64.ActiveCfg = Debug|x64
		{CC1DC1E6-26BB-43D3-A156-4C60DC92DDB5}.Debug|x64.Build.0 = Debug|x64
		{CC1DC1E6-26BB-43D3-A156-4C60DC92DDB5}.Debug|x86.ActiveCfg = Debug|Win32
		{CC1DC1E6-26BB-43D3-A156-4C60DC92DDB5}.Debug|x86.Build.0 = Debug|Win32
		{CC1DC1E6-26BB-43D3-A156-4C60DC92DDB5}.Release|x64.ActiveCfg = Release|x64
		{CC1DC1E6-26BB-43D3-A156-4C60DC92DDB5}.Release|x64.Build.0 = Release|x64
		{CC1DC1E6-26BB-43D3-A156-4C60DC92DDB5}.Release|x86.ActiveCfg = Release|Win32
		{CC1DC1E6-26BB-43D3-A156-4C60DC92DDB5}.Release|x86.Build.0 = Release|Win32
		{EBC3ABF4-E788-4242-A949-D366FC128B0E}.Debug|x64.ActiveCfg = Debug|x64
		{EBC3ABF4-E788-4242-A949-D366FC128B0E}.Debug|x64.Build.0 = Debug|x64
		{EBC3ABF4-E788-4242-A949-D366FC128B0E}.Debug|x86.ActiveCfg = Debug|Win32
		{EBC3ABF4-E788-4242-A949-D366FC128B0E}.Debug|x86.Build.0 = Debug|Win32
		{EBC3ABF4-E788-4242-A949-D366FC128B0E}.Release|x64.ActiveCfg = Release|x64
		{EBC3ABF4-E788-4242-A949-D366FC128B0E}.Release|x64.Build.0 = Release|x64
		{EBC3ABF4-E788-4242-A949-D366FC128B0E}.Release|x86.ActiveCfg = Release|Win32
		{EBC3ABF4-E788-4242-A949-D366FC128B0E}.Release|x86.Build.0 = Release|Win32
		{5476CBF5-F7F9-488F-B55C-B6331B82C54A}.Debug|x64.ActiveCfg = Debug|x64
		{5476CBF5-F7F9-488F-B55C-B6331B82C54A}.Debug|x64.Build.0 = Debug|x64
		{5476CBF5-F7F9-488F-B55C-B6331B82C54A}.Debug|x86.ActiveCfg = Debug|Win32
		{5476CBF5-F7F9-488F-B55C-B6331B82C54A}.Debug|x86.Build.0 = Debug|Win32
		{5476CBF5-F7F9-488F-B55C-B6331B82C54A}.Release|x64.ActiveCfg = Release|x64
		{5476CBF5-F7F9-488F-B55C-B6331B82C54A}.Release|x64.Build.0 = Release|x64
		{5476CBF5-F7F9-488F-B55C-B6331B82C54A}.Release|x86.ActiveCfg = Release|Win32
		{5476CBF5-F7F9-488F-B55C-B6331B82C54A}.Release|x86.Build.0 = Release|Win32
		{5D7A9630-092C-4A17-BB50-51750C67BAEC}.Debug|x64.ActiveCfg = Debug|x64
		{5D7A9630-092C-4A17-BB50-51750C67BAEC}.Debug|x64.Build.0 = Debug|x64
		{5D7A9630-092C-4A17-BB50-51750C67BAEC}.Debug|x86.ActiveCfg = Debug|Win32
		{5D7A9630-092C-4A17-BB50-51750C67BAEC}.Debug|x86.Build.0 = Debug|Win32
		{5D7A9630-092C-4A17-BB50-51750C67BAEC}.Release|x64.ActiveCfg = Release|x64
		{5D7A9630-092C-4A17-BB50-51750C67BAEC}.Release|x64.Build.0 = Release|x64
		{5D7A9630-092C-4A17-BB50-51750C67BAEC}.Release|x86.ActiveCfg = Release|Win32
		{5D7A9630-092C-4A17-BB50-51750C67BAEC}.Release|x86.Build.0 = Release|Win32
		{2EFECBBB-DD42-4B38-A65A-640EAF4DE9B6}.Debug|x64.ActiveCfg = Debug|x64
		{2EFECBBB-DD42-4B38-A65A-640EAF4DE9B6}.Debug|x64.Build.0 = Debug|x64
		{2EFECBBB-DD42-4B38-A65A-640EAF4DE9B6}.Debug|x86.ActiveCfg = Debug|Win32
		{2EFECBBB-DD42-4B38-A65A-640EAF4DE9B6}.Debug|x86.Build.0 = Debug|Win32
		{2EFECBBB-DD42-4B38-A65A-640EAF4DE9B6}.Release|x64.ActiveCfg = Release|x64
		{2EFECBBB-DD42-4B38-A65A-640EAF4DE9B6}.Release|x64.Build.0 = Release|x64
		{2EFECBBB-DD42-4B38-A65A-640EAF4DE9B6}.Release|x86.ActiveCfg = Release|Win32
		{2EFECBBB-DD42-4B38-A65A-640EAF4DE9B6}.Release|x86.Build.0 = Release|Win32
		{8E37A4EB-7660-409F-B390-D0D79C8252F2}.Debug|x64.ActiveCfg = Debug|x64
		{8E37A4EB-7660-409F-B390-D0D79C8252F2}.Debug|x64.Build.0 = Debug|x64
		{8E37A4EB-7660-409F-B390-D0D79C8252F2}.Debug|x86.ActiveCfg = Debug|Win32
		{8E37A4EB-7660-409F-B390-D0D79C8252F2}.Debug|x86.Build.0 = Debug|Win32
		{8E37A4EB-7660-409F-B390-D0D79C8252F2}.Release|x64.ActiveCfg = Release|x64
		{8E37A4EB-7660-409F-B390-D0D79C8252F2}.Release|x64.Build.0 = Release|x64
		{8E37A4EB-7660-409F-B390-D0D79C8252F2}.Release|x86.ActiveCfg = Release|Win32
		{8E37A4EB-7660-409F-B390-D0D79C8252F2}.Release|x86.Build.0 = Release|Win32
	EndGlobalSection
	GlobalSection(SolutionProperties) = preSolution
		HideSolutionNode = FALSE
	EndGlobalSection
	GlobalSection(NestedProjects) = preSolution
		{D8738375-5855-4241-8CB9-63FFE08E1B96} = {E69067E0-4911-4971-8702-3E7517C264E3}
		{E69067E0-4911-4971-8702-3E7517C264E3} = {5264A6C4-7E1A-4695-BAEE-E3634AA308C9}
		{91CC6D16-F22C-434A-95E0-35EE857054C7} = {E69067E0-4911-4971-8702-3E7517C264E3}
		{59FA8028-2346-4246-854F-14DCFAB6AB56} = {5264A6C4-7E1A-4695-BAEE-E3634AA308C9}
		{9ABCBAB4-05B4-47C5-B5D8-F201559FD096} = {5264A6C4-7E1A-4695-BAEE-E3634AA308C9}
		{561754CB-295D-4D69-8DBC-BC069D1A636A} = {E69067E0-4911-4971-8702-3E7517C264E3}
		{236BB984-A2C6-4873-9160-8D6FE7DB0B34} = {5264A6C4-7E1A-4695-BAEE-E3634AA308C9}
		{C3291F70-58A1-48AD-BA9A-A8A9B176EA70} = {236BB984-A2C6-4873-9160-8D6FE7DB0B34}
		{DB1936FB-7267-4EE8-8F96-E4BB79CCE7ED} = {236BB984-A2C6-4873-9160-8D6FE7DB0B34}
		{3F6348E2-4621-45C6-AD8D-91B8BE4C9072} = {236BB984-A2C6-4873-9160-8D6FE7DB0B34}
		{7AAE81D3-4848-4F34-A1F2-F8F9E24E5773} = {5264A6C4-7E1A-4695-BAEE-E3634AA308C9}
		{1EAA1FC4-3E36-4CC8-B6C5-B32EDD3962C2} = {236BB984-A2C6-4873-9160-8D6FE7DB0B34}
		{5264A6C4-7E1A-4695-BAEE-E3634AA308C9} = {167D2DC1-47D0-4384-BB29-4A673F7EB35C}
		{0E0AF65E-B694-4E7E-8A16-A577065B0BC8} = {167D2DC1-47D0-4384-BB29-4A673F7EB35C}
		{1B423F84-0D4B-4899-9A83-36B4EABEB58A} = {167D2DC1-47D0-4384-BB29-4A673F7EB35C}
		{20734CE1-5FB7-48DC-9377-DD64CC667BA8} = {167D2DC1-47D0-4384-BB29-4A673F7EB35C}
		{44643D7F-1C71-41C1-B452-B2DC5E088A58} = {0E0AF65E-B694-4E7E-8A16-A577065B0BC8}
		{9F71F0DA-1D72-4E96-93B7-5AC2C9CB6EDE} = {0E0AF65E-B694-4E7E-8A16-A577065B0BC8}
		{364E3CFB-CCAA-4AAF-AA03-D6E2D9749228} = {1B423F84-0D4B-4899-9A83-36B4EABEB58A}
		{9351732D-B6EC-4DB2-BD75-F18E880B3815} = {1B423F84-0D4B-4899-9A83-36B4EABEB58A}
		{D1075B79-925A-436F-8C53-09BD4D5787E4} = {1B423F84-0D4B-4899-9A83-36B4EABEB58A}
		{C6DAB3EE-E9A7-47FC-9B33-A8F4250C219B} = {20734CE1-5FB7-48DC-9377-DD64CC667BA8}
		{CAC5582E-F5A0-42EA-85DE-325A7C0651D8} = {20734CE1-5FB7-48DC-9377-DD64CC667BA8}
		{F2104B29-1AF3-4434-BA9C-78D0F2A4635F} = {CAC5582E-F5A0-42EA-85DE-325A7C0651D8}
		{80818BD9-AA06-4F52-8CF2-4A9401BFC59E} = {20734CE1-5FB7-48DC-9377-DD64CC667BA8}
		{267292A0-C262-43E7-AFB1-1F63439FD465} = {80818BD9-AA06-4F52-8CF2-4A9401BFC59E}
		{50CF2C5D-4A13-4D16-8E65-441FE7155333} = {5264A6C4-7E1A-4695-BAEE-E3634AA308C9}
		{CC1DC1E6-26BB-43D3-A156-4C60DC92DDB5} = {236BB984-A2C6-4873-9160-8D6FE7DB0B34}
		{EBC3ABF4-E788-4242-A949-D366FC128B0E} = {1B423F84-0D4B-4899-9A83-36B4EABEB58A}
		{4B911A05-4E3D-44AA-A489-8F6911273A2D} = {167D2DC1-47D0-4384-BB29-4A673F7EB35C}
		{5476CBF5-F7F9-488F-B55C-B6331B82C54A} = {4B911A05-4E3D-44AA-A489-8F6911273A2D}
		{5D7A9630-092C-4A17-BB50-51750C67BAEC} = {BD41995D-7DED-4CB4-8375-882724917B82}
	EndGlobalSection
EndGlobal
