<?xml version="1.0" encoding="utf-8"?>
<Project ToolsVersion="4.0" xmlns="http://schemas.microsoft.com/developer/msbuild/2003">
  <ItemGroup>
    <Filter Include="DirectInput">
      <UniqueIdentifier>{65fa13a9-b410-4f98-8751-bafd00a45de2}</UniqueIdentifier>
    </Filter>
    <Filter Include="InputCore">
      <UniqueIdentifier>{245f00fd-e4ca-43a2-85cb-ee99ccddcb4e}</UniqueIdentifier>
    </Filter>
  </ItemGroup>
  <ItemGroup>
    <ClInclude Include="..\..\..\DirectInput\DirectInputModule.h">
      <Filter>DirectInput</Filter>
    </ClInclude>
    <ClInclude Include="..\..\..\DirectInput\IncludeDirectInput.h">
      <Filter>DirectInput</Filter>
    </ClInclude>
    <ClInclude Include="..\..\..\InputCore\Device.h">
      <Filter>InputCore</Filter>
    </ClInclude>
    <ClInclude Include="..\..\..\InputCore\EventQueue.h">
      <Filter>InputCore</Filter>
    </ClInclude>
    <ClInclude Include="..\..\..\InputCore\Factory.h">
      <Filter>InputCore</Filter>
    </ClInclude>
    <ClInclude Include="..\..\..\InputCore\IInput.h">
      <Filter>InputCore</Filter>
    </ClInclude>
    <ClInclude Include="..\..\..\InputCore\InputDeviceEvent.h">
      <Filter>InputCore</Filter>
    </ClInclude>
    <ClInclude Include="..\..\..\InputCore\InputDeviceInfo.h">
      <Filter>InputCore</Filter>
    </ClInclude>
    <ClInclude Include="..\..\..\InputCore\JoystickDevice.h">
      <Filter>InputCore</Filter>
    </ClInclude>
    <ClInclude Include="..\..\..\InputCore\JoystickState.h">
      <Filter>InputCore</Filter>
    </ClInclude>
    <ClInclude Include="..\..\..\InputCore\KeyboardDevice.h">
      <Filter>InputCore</Filter>
    </ClInclude>
    <ClInclude Include="..\..\..\InputCore\KeyboardState.h">
      <Filter>InputCore</Filter>
    </ClInclude>
    <ClInclude Include="..\..\..\InputCore\KeyState.h">
      <Filter>InputCore</Filter>
    </ClInclude>
    <ClInclude Include="..\..\..\InputCore\MouseDevice.h">
      <Filter>InputCore</Filter>
    </ClInclude>
    <ClInclude Include="..\..\..\InputCore\MouseState.h">
      <Filter>InputCore</Filter>
    </ClInclude>
  </ItemGroup>
  <ItemGroup>
    <ClCompile Include="..\..\..\DirectInput\DirectInputModule.cpp">
      <Filter>DirectInput</Filter>
    </ClCompile>
  </ItemGroup>
</Project>