<?xml version="1.0" encoding="utf-8"?>
<Project ToolsVersion="4.0" xmlns="http://schemas.microsoft.com/developer/msbuild/2003">
  <ItemGroup>
    <Filter Include="ShellMeshTools">
      <UniqueIdentifier>{8d55982d-ed65-4128-b519-481274537082}</UniqueIdentifier>
    </Filter>
    <Filter Include="ShellMeshTools\ShellMesh">
      <UniqueIdentifier>{3fda970a-a887-4af2-a7c7-821583da4ed2}</UniqueIdentifier>
    </Filter>
    <Filter Include="ShellMeshTools\Animation">
      <UniqueIdentifier>{796d5455-dd7f-4dd1-85d0-6749f67746a4}</UniqueIdentifier>
    </Filter>
    <Filter Include="PrecompiledHeader">
      <UniqueIdentifier>{0d07ffa2-9e8e-4f01-aba0-14d618c6bae6}</UniqueIdentifier>
    </Filter>
    <Filter Include="ShellMeshTools\Loader">
      <UniqueIdentifier>{a073e014-9504-455b-b4a2-7dacf7ce207a}</UniqueIdentifier>
    </Filter>
  </ItemGroup>
  <ItemGroup>
    <ClCompile Include="..\..\Code\ShellMeshTools\stdafx.cpp">
      <Filter>PrecompiledHeader</Filter>
    </ClCompile>
    <ClCompile Include="..\..\Code\ShellMeshTools\Animation\Animation.cpp">
      <Filter>ShellMeshTools\Animation</Filter>
    </ClCompile>
    <ClCompile Include="..\..\Code\ShellMeshTools\Animation\Skeleton.cpp">
      <Filter>ShellMeshTools\Animation</Filter>
    </ClCompile>
    <ClCompile Include="..\..\Code\ShellMeshTools\ShellMesh\ShellMesh.cpp">
      <Filter>ShellMeshTools\ShellMesh</Filter>
    </ClCompile>
    <ClCompile Include="..\..\Code\ShellMeshTools\Loader\FBXLoader.cpp">
      <Filter>ShellMeshTools\Loader</Filter>
    </ClCompile>
  </ItemGroup>
  <ItemGroup>
    <ClInclude Include="..\..\Code\ShellMeshTools\stdafx.h">
      <Filter>PrecompiledHeader</Filter>
    </ClInclude>
    <ClInclude Include="..\..\Code\ShellMeshTools\targetver.h">
      <Filter>PrecompiledHeader</Filter>
    </ClInclude>
    <ClInclude Include="..\..\Code\ShellMeshTools\Animation\Animation.h">
      <Filter>ShellMeshTools\Animation</Filter>
    </ClInclude>
    <ClInclude Include="..\..\Code\ShellMeshTools\Animation\Skeleton.h">
      <Filter>ShellMeshTools\Animation</Filter>
    </ClInclude>
    <ClInclude Include="..\..\Code\ShellMeshTools\ShellMesh\DXMathOperator.h">
      <Filter>ShellMeshTools\ShellMesh</Filter>
    </ClInclude>
    <ClInclude Include="..\..\Code\ShellMeshTools\ShellMesh\ShellMesh.h">
      <Filter>ShellMeshTools\ShellMesh</Filter>
    </ClInclude>
    <ClInclude Include="..\..\Code\ShellMeshTools\ShellMesh\ShellMeshVertex.h">
      <Filter>ShellMeshTools\ShellMesh</Filter>
    </ClInclude>
    <ClInclude Include="..\..\Code\ShellMeshTools\Loader\FbxHelperStructs.h">
      <Filter>ShellMeshTools\Loader</Filter>
    </ClInclude>
    <ClInclude Include="..\..\Code\ShellMeshTools\Loader\FBXLoader.h">
      <Filter>ShellMeshTools\Loader</Filter>
    </ClInclude>
    <ClInclude Include="..\..\Code\ShellMeshTools\Loader\ILoader.h">
      <Filter>ShellMeshTools\Loader</Filter>
    </ClInclude>
  </ItemGroup>
  <ItemGroup>
    <None Include="..\..\Code\ShellMeshTools\Loader\FbxLoader.inl">
      <Filter>ShellMeshTools\Loader</Filter>
    </None>
  </ItemGroup>
</Project>