<?xml version="1.0" encoding="utf-8"?>
<Project ToolsVersion="4.0" xmlns="http://schemas.microsoft.com/developer/msbuild/2003">
  <ItemGroup>
    <Filter Include="VoxelConverter">
      <UniqueIdentifier>{4dc16bf8-bf7f-4882-97aa-9d9dfe09491b}</UniqueIdentifier>
    </Filter>
    <Filter Include="VoxelConverter\Octree">
      <UniqueIdentifier>{7281555a-376a-4b4d-b298-88a99273c241}</UniqueIdentifier>
    </Filter>
    <Filter Include="VoxelConverter\SVO">
      <UniqueIdentifier>{f3bb0e66-5aca-4ca0-a9ba-319708e89856}</UniqueIdentifier>
    </Filter>
    <Filter Include="VoxelConverter\Texturing">
      <UniqueIdentifier>{f4cd7308-5446-42f8-b320-e931f1f32afd}</UniqueIdentifier>
    </Filter>
    <Filter Include="VoxelConverter\Texturing\Samplers">
      <UniqueIdentifier>{dfa4ae12-67ad-4f32-b520-1762fc4a4ca3}</UniqueIdentifier>
    </Filter>
  </ItemGroup>
  <ItemGroup>
    <ClCompile Include="..\..\Code\VoxelConverter\main.cpp">
      <Filter>VoxelConverter</Filter>
    </ClCompile>
    <ClCompile Include="..\..\Code\VoxelConverter\VoxelConverter.cpp">
      <Filter>VoxelConverter</Filter>
    </ClCompile>
    <ClCompile Include="..\..\Code\VoxelConverter\Octree\OctreeBuilder.cpp">
      <Filter>VoxelConverter\Octree</Filter>
    </ClCompile>
    <ClCompile Include="..\..\Code\VoxelRenderer\SVO\Octree.cpp">
      <Filter>VoxelConverter\SVO</Filter>
    </ClCompile>
    <ClCompile Include="..\..\Code\VoxelConverter\Texturing\Texturing.cpp">
      <Filter>VoxelConverter\Texturing</Filter>
    </ClCompile>
    <ClCompile Include="..\..\Code\VoxelConverter\Texturing\OctreeAccessor.cpp">
      <Filter>VoxelConverter\Texturing</Filter>
    </ClCompile>
    <ClCompile Include="..\..\Code\VoxelConverter\Texturing\TextureAccessor.cpp">
      <Filter>VoxelConverter\Texturing</Filter>
    </ClCompile>
  </ItemGroup>
  <ItemGroup>
    <ClInclude Include="..\..\Code\VoxelConverter\VoxelConverter.h">
      <Filter>VoxelConverter</Filter>
    </ClInclude>
    <ClInclude Include="..\..\Code\VoxelConverter\Octree\oocOctree.h">
      <Filter>VoxelConverter\Octree</Filter>
    </ClInclude>
    <ClInclude Include="..\..\Code\VoxelConverter\Octree\oocPayload.h">
      <Filter>VoxelConverter\Octree</Filter>
    </ClInclude>
    <ClInclude Include="..\..\Code\VoxelConverter\Octree\OctreeBuilder.h">
      <Filter>VoxelConverter\Octree</Filter>
    </ClInclude>
    <ClInclude Include="..\..\Code\VoxelRenderer\SVO\Octree.h">
      <Filter>VoxelConverter\SVO</Filter>
    </ClInclude>
    <ClInclude Include="..\..\Code\VoxelRenderer\SVO\OctreeNode.h">
      <Filter>VoxelConverter\SVO</Filter>
    </ClInclude>
    <ClInclude Include="..\..\Code\VoxelRenderer\SVO\VoxelAttributes.h">
      <Filter>VoxelConverter\SVO</Filter>
    </ClInclude>
    <ClInclude Include="..\..\Code\VoxelRenderer\SVO\VoxtreeHeader.h">
      <Filter>VoxelConverter\SVO</Filter>
    </ClInclude>
    <ClInclude Include="..\..\Code\VoxelConverter\Texturing\Texturing.h">
      <Filter>VoxelConverter\Texturing</Filter>
    </ClInclude>
    <ClInclude Include="..\..\Code\VoxelConverter\Texturing\TexturingEnums.h">
      <Filter>VoxelConverter\Texturing</Filter>
    </ClInclude>
    <ClInclude Include="..\..\Code\VoxelConverter\Texturing\TextureAccessor.h">
      <Filter>VoxelConverter\Texturing</Filter>
    </ClInclude>
    <ClInclude Include="..\..\Code\VoxelConverter\Texturing\Samplers\Samplers.h">
      <Filter>VoxelConverter\Texturing\Samplers</Filter>
    </ClInclude>
    <ClInclude Include="..\..\Code\VoxelConverter\Texturing\Samplers\PointSampler.h">
      <Filter>VoxelConverter\Texturing\Samplers</Filter>
    </ClInclude>
    <ClInclude Include="..\..\Code\VoxelConverter\Texturing\OctreeAccessor.h">
      <Filter>VoxelConverter\Texturing</Filter>
    </ClInclude>
  </ItemGroup>
</Project>