<?xml version="1.0" encoding="utf-8"?>
<Project ToolsVersion="4.0" xmlns="http://schemas.microsoft.com/developer/msbuild/2003">
  <ItemGroup>
    <Filter Include="Rendering">
      <UniqueIdentifier>{8ef2c18c-2c98-4c9a-b7a1-9d5ba9399792}</UniqueIdentifier>
    </Filter>
    <Filter Include="ResourceManager">
      <UniqueIdentifier>{b2215f2e-07a0-4763-a4dd-ef06d81fccb3}</UniqueIdentifier>
    </Filter>
    <Filter Include="Resources">
      <UniqueIdentifier>{24fffb44-484f-4b5a-b88d-222d35d5e113}</UniqueIdentifier>
    </Filter>
    <Filter Include="PrecompiledHeader">
      <UniqueIdentifier>{789ce426-c09f-475d-b42f-e620b8e9891a}</UniqueIdentifier>
    </Filter>
  </ItemGroup>
  <ItemGroup>
    <ClInclude Include="..\..\..\Rendering\IRenderer.h">
      <Filter>Rendering</Filter>
    </ClInclude>
    <ClInclude Include="..\..\..\Rendering\RenderCommands.h">
      <Filter>Rendering</Filter>
    </ClInclude>
    <ClInclude Include="..\..\..\Rendering\GraphicAPIConstants.h">
      <Filter>Rendering</Filter>
    </ClInclude>
    <ClInclude Include="..\..\..\Rendering\IGraphicAPIInitializer.h">
      <Filter>Rendering</Filter>
    </ClInclude>
    <ClInclude Include="..\..\..\ResourceManager\ResourceContainer.h">
      <Filter>ResourceManager</Filter>
    </ClInclude>
    <ClInclude Include="..\..\..\ResourceManager\ResourceManager.h">
      <Filter>ResourceManager</Filter>
    </ClInclude>
    <ClInclude Include="..\..\..\Resources\BlendingState.h">
      <Filter>Resources</Filter>
    </ClInclude>
    <ClInclude Include="..\..\..\Resources\BufferInitData.h">
      <Filter>Resources</Filter>
    </ClInclude>
    <ClInclude Include="..\..\..\Resources\DepthStencilState.h">
      <Filter>Resources</Filter>
    </ClInclude>
    <ClInclude Include="..\..\..\Resources\IBuffer.h">
      <Filter>Resources</Filter>
    </ClInclude>
    <ClInclude Include="..\..\..\Resources\IRenderTarget.h">
      <Filter>Resources</Filter>
    </ClInclude>
    <ClInclude Include="..\..\..\Resources\IShader.h">
      <Filter>Resources</Filter>
    </ClInclude>
    <ClInclude Include="..\..\..\Resources\IShaderInputLayout.h">
      <Filter>Resources</Filter>
    </ClInclude>
    <ClInclude Include="..\..\..\Resources\MeshResources.h">
      <Filter>Resources</Filter>
    </ClInclude>
    <ClInclude Include="..\..\..\Resources\RasterizerState.h">
      <Filter>Resources</Filter>
    </ClInclude>
    <ClInclude Include="..\..\..\Resources\ResourceObject.h">
      <Filter>Resources</Filter>
    </ClInclude>
    <ClInclude Include="..\..\..\Resources\ResourcePtr.h">
      <Filter>Resources</Filter>
    </ClInclude>
    <ClInclude Include="..\..\..\Resources\ResourcesFactory.h">
      <Filter>Resources</Filter>
    </ClInclude>
    <ClInclude Include="..\..\..\Resources\SwapChain.h">
      <Filter>Resources</Filter>
    </ClInclude>
    <ClInclude Include="..\..\..\ResourceManager\stdafx.h">
      <Filter>PrecompiledHeader</Filter>
    </ClInclude>
    <ClInclude Include="..\..\..\Resources\Texture.h">
      <Filter>Resources</Filter>
    </ClInclude>
  </ItemGroup>
  <ItemGroup>
    <ClCompile Include="..\..\..\ResourceManager\ResourceManager.cpp">
      <Filter>ResourceManager</Filter>
    </ClCompile>
    <ClCompile Include="..\..\..\Resources\MeshResources.cpp">
      <Filter>Resources</Filter>
    </ClCompile>
    <ClCompile Include="..\..\..\ResourceManager\stdafx.cpp">
      <Filter>PrecompiledHeader</Filter>
    </ClCompile>
    <ClCompile Include="..\..\..\Resources\Texture.cpp">
      <Filter>Resources</Filter>
    </ClCompile>
  </ItemGroup>
</Project>