<?xml version="1.0" encoding="utf-8"?>
<Project ToolsVersion="4.0" xmlns="http://schemas.microsoft.com/developer/msbuild/2003">
  <ItemGroup>
    <Filter Include="VoxelRenderer">
      <UniqueIdentifier>{0c03c520-ba9d-4eed-82ad-82270ff30190}</UniqueIdentifier>
    </Filter>
    <Filter Include="VoxelRenderer\Application">
      <UniqueIdentifier>{03e3191d-40a2-43d5-ad74-aef35d1fe8c3}</UniqueIdentifier>
    </Filter>
    <Filter Include="VoxelRenderer\SVO">
      <UniqueIdentifier>{dac629a7-41ee-4465-8e91-48bc41f06688}</UniqueIdentifier>
    </Filter>
    <Filter Include="VoxelRenderer\Raycaster">
      <UniqueIdentifier>{bf136db5-4bf4-4093-bee9-a673209fc81d}</UniqueIdentifier>
    </Filter>
    <Filter Include="VoxelRenderer\Actors">
      <UniqueIdentifier>{b026c38b-db8d-4da7-99f4-a3ec2bb58736}</UniqueIdentifier>
    </Filter>
    <Filter Include="Shaders">
      <UniqueIdentifier>{79e9462c-2e95-4278-b926-d2118347240c}</UniqueIdentifier>
    </Filter>
    <Filter Include="VoxelRenderer\Application\Presentation">
      <UniqueIdentifier>{0a746ccc-a225-4e43-ada1-1ef80832c358}</UniqueIdentifier>
    </Filter>
  </ItemGroup>
  <ItemGroup>
    <ClCompile Include="..\..\Code\VoxelRenderer\Application\Application.cpp">
      <Filter>VoxelRenderer\Application</Filter>
    </ClCompile>
    <ClCompile Include="..\..\Code\VoxelRenderer\Application\main.cpp">
      <Filter>VoxelRenderer\Application</Filter>
    </ClCompile>
    <ClCompile Include="..\..\Code\VoxelRenderer\SVO\Octree.cpp">
      <Filter>VoxelRenderer\SVO</Filter>
    </ClCompile>
    <ClCompile Include="..\..\Code\VoxelRenderer\Raycaster\RaycasterCPU.cpp">
      <Filter>VoxelRenderer\Raycaster</Filter>
    </ClCompile>
    <ClCompile Include="..\..\Code\VoxelRenderer\Actors\CameraActor.cpp">
      <Filter>VoxelRenderer\Actors</Filter>
    </ClCompile>
    <ClCompile Include="..\..\Code\VoxelRenderer\Actors\ActorBase.cpp">
      <Filter>VoxelRenderer\Actors</Filter>
    </ClCompile>
    <ClCompile Include="..\..\Code\VoxelRenderer\Actors\DynamicActor.cpp">
      <Filter>VoxelRenderer\Actors</Filter>
    </ClCompile>
    <ClCompile Include="..\..\Code\VoxelRenderer\Actors\StaticActor.cpp">
      <Filter>VoxelRenderer\Actors</Filter>
    </ClCompile>
    <ClCompile Include="..\..\Code\VoxelRenderer\Application\Config.cpp">
      <Filter>VoxelRenderer\Application</Filter>
    </ClCompile>
    <ClCompile Include="..\..\Code\VoxelRenderer\Raycaster\FakeRaycaster.cpp">
      <Filter>VoxelRenderer\Raycaster</Filter>
    </ClCompile>
    <ClCompile Include="..\..\Code\VoxelRenderer\Application\TimeManager.cpp">
      <Filter>VoxelRenderer\Application</Filter>
    </ClCompile>
    <ClCompile Include="..\..\Code\VoxelRenderer\Application\RenderingHelpers.cpp">
      <Filter>VoxelRenderer\Application</Filter>
    </ClCompile>
    <ClCompile Include="..\..\Code\VoxelRenderer\Application\Presentation\BlitEffect.cpp">
      <Filter>VoxelRenderer\Application\Presentation</Filter>
    </ClCompile>
  </ItemGroup>
  <ItemGroup>
    <ClInclude Include="..\..\Code\VoxelRenderer\Application\Application.h">
      <Filter>VoxelRenderer\Application</Filter>
    </ClInclude>
    <ClInclude Include="..\..\Code\VoxelRenderer\SVO\OctreeNode.h">
      <Filter>VoxelRenderer\SVO</Filter>
    </ClInclude>
    <ClInclude Include="..\..\Code\VoxelRenderer\SVO\VoxelAttributes.h">
      <Filter>VoxelRenderer\SVO</Filter>
    </ClInclude>
    <ClInclude Include="..\..\Code\VoxelRenderer\SVO\Octree.h">
      <Filter>VoxelRenderer\SVO</Filter>
    </ClInclude>
    <ClInclude Include="..\..\Code\VoxelRenderer\Raycaster\RaycasterCPU.h">
      <Filter>VoxelRenderer\Raycaster</Filter>
    </ClInclude>
    <ClInclude Include="..\..\Code\VoxelRenderer\Actors\CameraActor.h">
      <Filter>VoxelRenderer\Actors</Filter>
    </ClInclude>
    <ClInclude Include="..\..\Code\VoxelRenderer\Actors\ActorBase.h">
      <Filter>VoxelRenderer\Actors</Filter>
    </ClInclude>
    <ClInclude Include="..\..\Code\VoxelRenderer\Actors\DynamicActor.h">
      <Filter>VoxelRenderer\Actors</Filter>
    </ClInclude>
    <ClInclude Include="..\..\Code\VoxelRenderer\Actors\StaticActor.h">
      <Filter>VoxelRenderer\Actors</Filter>
    </ClInclude>
    <ClInclude Include="..\..\Code\VoxelRenderer\Raycaster\IRaycaster.h">
      <Filter>VoxelRenderer\Raycaster</Filter>
    </ClInclude>
    <ClInclude Include="..\..\Code\VoxelRenderer\Application\Config.h">
      <Filter>VoxelRenderer\Application</Filter>
    </ClInclude>
    <ClInclude Include="..\..\Code\VoxelRenderer\Raycaster\FakeRaycaster.h">
      <Filter>VoxelRenderer\Raycaster</Filter>
    </ClInclude>
    <ClInclude Include="..\..\Code\VoxelRenderer\Application\TimeManager.h">
      <Filter>VoxelRenderer\Application</Filter>
    </ClInclude>
    <ClInclude Include="..\..\Code\VoxelRenderer\Application\RenderingHelpers.h">
      <Filter>VoxelRenderer\Application</Filter>
    </ClInclude>
    <ClInclude Include="..\..\Code\VoxelRenderer\Application\Presentation\BlitEffect.h">
      <Filter>VoxelRenderer\Application\Presentation</Filter>
    </ClInclude>
  </ItemGroup>
  <ItemGroup>
    <FxCompile Include="..\..\WorkingDir\Shaders\RendererTest.hlsl">
      <Filter>Shaders</Filter>
    </FxCompile>
    <FxCompile Include="..\..\WorkingDir\Shaders\FullscreenTriangleVS.hlsl">
      <Filter>Shaders</Filter>
    </FxCompile>
    <FxCompile Include="..\..\WorkingDir\Shaders\BlitPS.hlsl">
      <Filter>Shaders</Filter>
    </FxCompile>
  </ItemGroup>
</Project>