<?xml version="1.0" encoding="utf-8"?>
<Project ToolsVersion="4.0" xmlns="http://schemas.microsoft.com/developer/msbuild/2003">
  <ItemGroup>
    <Filter Include="VoxelRenderer">
      <UniqueIdentifier>{0c03c520-ba9d-4eed-82ad-82270ff30190}</UniqueIdentifier>
    </Filter>
    <Filter Include="VoxelRenderer\Application">
      <UniqueIdentifier>{03e3191d-40a2-43d5-ad74-aef35d1fe8c3}</UniqueIdentifier>
    </Filter>
    <Filter Include="VoxelRenderer\SVO">
      <UniqueIdentifier>{dac629a7-41ee-4465-8e91-48bc41f06688}</UniqueIdentifier>
    </Filter>
    <Filter Include="VoxelRenderer\Raycaster">
      <UniqueIdentifier>{bf136db5-4bf4-4093-bee9-a673209fc81d}</UniqueIdentifier>
    </Filter>
    <Filter Include="VoxelRenderer\Actors">
      <UniqueIdentifier>{b026c38b-db8d-4da7-99f4-a3ec2bb58736}</UniqueIdentifier>
    </Filter>
    <Filter Include="Shaders">
      <UniqueIdentifier>{79e9462c-2e95-4278-b926-d2118347240c}</UniqueIdentifier>
    </Filter>
    <Filter Include="VoxelRenderer\Application\Presentation">
      <UniqueIdentifier>{0a746ccc-a225-4e43-ada1-1ef80832c358}</UniqueIdentifier>
    </Filter>
    <Filter Include="Shaders\RaycasterGPU">
      <UniqueIdentifier>{7a7d7cf6-6901-4085-aac7-faf02add4fec}</UniqueIdentifier>
    </Filter>
    <Filter Include="VoxelRenderer\ShellMesh">
      <UniqueIdentifier>{ca0cc299-8513-4168-ad56-16ef1b0e2454}</UniqueIdentifier>
    </Filter>
    <Filter Include="VoxelRenderer\Animation">
      <UniqueIdentifier>{95fd0ca1-487d-4228-a6e6-aac68ac68f94}</UniqueIdentifier>
    </Filter>
    <Filter Include="VoxelRenderer\Raycaster\Structures">
      <UniqueIdentifier>{1338b9f9-1243-4be5-b7a2-8daf8a831a21}</UniqueIdentifier>
    </Filter>
    <Filter Include="Shaders\ShellMesh">
      <UniqueIdentifier>{27fdaf8d-72a0-4ef7-8ff8-a255685cfde4}</UniqueIdentifier>
    </Filter>
    <Filter Include="VoxelRenderer\Application\Light">
      <UniqueIdentifier>{318f081a-4f93-457a-afef-ca34b7a0bf8a}</UniqueIdentifier>
    </Filter>
    <Filter Include="Shaders\Shading">
      <UniqueIdentifier>{7ef27a53-da66-4d66-a262-f0149fedf20d}</UniqueIdentifier>
    </Filter>
    <Filter Include="Shaders\Tools">
      <UniqueIdentifier>{80873dd9-8ce9-451a-bdbf-c6afe1a8cc3a}</UniqueIdentifier>
    </Filter>
  </ItemGroup>
  <ItemGroup>
    <ClCompile Include="..\..\Code\VoxelRenderer\Application\Application.cpp">
      <Filter>VoxelRenderer\Application</Filter>
    </ClCompile>
    <ClCompile Include="..\..\Code\VoxelRenderer\Application\main.cpp">
      <Filter>VoxelRenderer\Application</Filter>
    </ClCompile>
    <ClCompile Include="..\..\Code\VoxelRenderer\SVO\Octree.cpp">
      <Filter>VoxelRenderer\SVO</Filter>
    </ClCompile>
    <ClCompile Include="..\..\Code\VoxelRenderer\Raycaster\RaycasterCPU.cpp">
      <Filter>VoxelRenderer\Raycaster</Filter>
    </ClCompile>
    <ClCompile Include="..\..\Code\VoxelRenderer\Actors\CameraActor.cpp">
      <Filter>VoxelRenderer\Actors</Filter>
    </ClCompile>
    <ClCompile Include="..\..\Code\VoxelRenderer\Actors\ActorBase.cpp">
      <Filter>VoxelRenderer\Actors</Filter>
    </ClCompile>
    <ClCompile Include="..\..\Code\VoxelRenderer\Actors\DynamicActor.cpp">
      <Filter>VoxelRenderer\Actors</Filter>
    </ClCompile>
    <ClCompile Include="..\..\Code\VoxelRenderer\Actors\StaticActor.cpp">
      <Filter>VoxelRenderer\Actors</Filter>
    </ClCompile>
    <ClCompile Include="..\..\Code\VoxelRenderer\Application\Config.cpp">
      <Filter>VoxelRenderer\Application</Filter>
    </ClCompile>
    <ClCompile Include="..\..\Code\VoxelRenderer\Raycaster\FakeRaycaster.cpp">
      <Filter>VoxelRenderer\Raycaster</Filter>
    </ClCompile>
    <ClCompile Include="..\..\Code\VoxelRenderer\Application\TimeManager.cpp">
      <Filter>VoxelRenderer\Application</Filter>
    </ClCompile>
    <ClCompile Include="..\..\Code\VoxelRenderer\Application\RenderingHelpers.cpp">
      <Filter>VoxelRenderer\Application</Filter>
    </ClCompile>
    <ClCompile Include="..\..\Code\VoxelRenderer\Application\Presentation\BlitEffect.cpp">
      <Filter>VoxelRenderer\Application\Presentation</Filter>
    </ClCompile>
    <ClCompile Include="..\..\Code\VoxelRenderer\Actors\CameraController.cpp">
      <Filter>VoxelRenderer\Actors</Filter>
    </ClCompile>
    <ClCompile Include="..\..\Code\VoxelRenderer\Raycaster\PrintOctreeRaycaster.cpp">
      <Filter>VoxelRenderer\Raycaster</Filter>
    </ClCompile>
    <ClCompile Include="..\..\Code\VoxelRenderer\Raycaster\DepthRaycaster.cpp">
      <Filter>VoxelRenderer\Raycaster</Filter>
    </ClCompile>
    <ClCompile Include="..\..\Code\VoxelRenderer\Raycaster\RaycasterGPU.cpp">
      <Filter>VoxelRenderer\Raycaster</Filter>
    </ClCompile>
    <ClCompile Include="..\..\Code\VoxelRenderer\Raycaster\NormalsRaycaster.cpp">
      <Filter>VoxelRenderer\Raycaster</Filter>
    </ClCompile>
    <ClCompile Include="..\..\Code\VoxelRenderer\ShellMesh\FBXLoader.cpp">
      <Filter>VoxelRenderer\ShellMesh</Filter>
    </ClCompile>
    <ClCompile Include="..\..\Code\VoxelRenderer\ShellMesh\ShellMesh.cpp">
      <Filter>VoxelRenderer\ShellMesh</Filter>
    </ClCompile>
    <ClCompile Include="..\..\Code\VoxelRenderer\Animation\Skeleton.cpp">
      <Filter>VoxelRenderer\Animation</Filter>
    </ClCompile>
    <ClCompile Include="..\..\Code\VoxelRenderer\Raycaster\ShellMeshRenderer.cpp">
      <Filter>VoxelRenderer\Raycaster</Filter>
    </ClCompile>
    <ClCompile Include="..\..\Code\VoxelRenderer\Animation\Animation.cpp">
      <Filter>VoxelRenderer\Animation</Filter>
    </ClCompile>
    <ClCompile Include="..\..\Code\VoxelRenderer\Application\Light\LightModule.cpp">
      <Filter>VoxelRenderer\Application\Light</Filter>
    </ClCompile>
  </ItemGroup>
  <ItemGroup>
    <ClInclude Include="..\..\Code\VoxelRenderer\Application\Application.h">
      <Filter>VoxelRenderer\Application</Filter>
    </ClInclude>
    <ClInclude Include="..\..\Code\VoxelRenderer\SVO\OctreeNode.h">
      <Filter>VoxelRenderer\SVO</Filter>
    </ClInclude>
    <ClInclude Include="..\..\Code\VoxelRenderer\SVO\VoxelAttributes.h">
      <Filter>VoxelRenderer\SVO</Filter>
    </ClInclude>
    <ClInclude Include="..\..\Code\VoxelRenderer\SVO\Octree.h">
      <Filter>VoxelRenderer\SVO</Filter>
    </ClInclude>
    <ClInclude Include="..\..\Code\VoxelRenderer\Raycaster\RaycasterCPU.h">
      <Filter>VoxelRenderer\Raycaster</Filter>
    </ClInclude>
    <ClInclude Include="..\..\Code\VoxelRenderer\Actors\CameraActor.h">
      <Filter>VoxelRenderer\Actors</Filter>
    </ClInclude>
    <ClInclude Include="..\..\Code\VoxelRenderer\Actors\ActorBase.h">
      <Filter>VoxelRenderer\Actors</Filter>
    </ClInclude>
    <ClInclude Include="..\..\Code\VoxelRenderer\Actors\DynamicActor.h">
      <Filter>VoxelRenderer\Actors</Filter>
    </ClInclude>
    <ClInclude Include="..\..\Code\VoxelRenderer\Actors\StaticActor.h">
      <Filter>VoxelRenderer\Actors</Filter>
    </ClInclude>
    <ClInclude Include="..\..\Code\VoxelRenderer\Raycaster\IRaycaster.h">
      <Filter>VoxelRenderer\Raycaster</Filter>
    </ClInclude>
    <ClInclude Include="..\..\Code\VoxelRenderer\Application\Config.h">
      <Filter>VoxelRenderer\Application</Filter>
    </ClInclude>
    <ClInclude Include="..\..\Code\VoxelRenderer\Raycaster\FakeRaycaster.h">
      <Filter>VoxelRenderer\Raycaster</Filter>
    </ClInclude>
    <ClInclude Include="..\..\Code\VoxelRenderer\Application\TimeManager.h">
      <Filter>VoxelRenderer\Application</Filter>
    </ClInclude>
    <ClInclude Include="..\..\Code\VoxelRenderer\Application\RenderingHelpers.h">
      <Filter>VoxelRenderer\Application</Filter>
    </ClInclude>
    <ClInclude Include="..\..\Code\VoxelRenderer\Application\Presentation\BlitEffect.h">
      <Filter>VoxelRenderer\Application\Presentation</Filter>
    </ClInclude>
    <ClInclude Include="..\..\Code\VoxelRenderer\SVO\VoxtreeHeader.h">
      <Filter>VoxelRenderer\SVO</Filter>
    </ClInclude>
    <ClInclude Include="..\..\Code\VoxelRenderer\Actors\CameraController.h">
      <Filter>VoxelRenderer\Actors</Filter>
    </ClInclude>
    <ClInclude Include="..\..\Code\VoxelRenderer\Raycaster\PrintOctreeRaycaster.h">
      <Filter>VoxelRenderer\Raycaster</Filter>
    </ClInclude>
    <ClInclude Include="..\..\Code\VoxelRenderer\Raycaster\DepthRaycaster.h">
      <Filter>VoxelRenderer\Raycaster</Filter>
    </ClInclude>
    <ClInclude Include="..\..\Code\VoxelRenderer\Raycaster\NormalsRaycaster.h">
      <Filter>VoxelRenderer\Raycaster</Filter>
    </ClInclude>
    <ClInclude Include="..\..\Code\VoxelRenderer\Raycaster\RaycasterGPU.h">
      <Filter>VoxelRenderer\Raycaster</Filter>
    </ClInclude>
    <ClInclude Include="..\..\Code\VoxelRenderer\ShellMesh\FbxHelperStructs.h">
      <Filter>VoxelRenderer\ShellMesh</Filter>
    </ClInclude>
    <ClInclude Include="..\..\Code\VoxelRenderer\ShellMesh\ShellMeshVertex.h">
      <Filter>VoxelRenderer\ShellMesh</Filter>
    </ClInclude>
    <ClInclude Include="..\..\Code\VoxelRenderer\ShellMesh\FBXLoader.h">
      <Filter>VoxelRenderer\ShellMesh</Filter>
    </ClInclude>
    <ClInclude Include="..\..\Code\VoxelRenderer\Animation\Skeleton.h">
      <Filter>VoxelRenderer\Animation</Filter>
    </ClInclude>
    <ClInclude Include="..\..\Code\VoxelRenderer\ShellMesh\ShellMesh.h">
      <Filter>VoxelRenderer\ShellMesh</Filter>
    </ClInclude>
    <ClInclude Include="..\..\Code\VoxelRenderer\Animation\Animation.h">
      <Filter>VoxelRenderer\Animation</Filter>
    </ClInclude>
    <ClInclude Include="..\..\Code\VoxelRenderer\Raycaster\ShellMeshRenderer.h">
      <Filter>VoxelRenderer\Raycaster</Filter>
    </ClInclude>
    <ClInclude Include="..\..\Code\VoxelRenderer\Raycaster\Structures\ShaderCameraBuffer.h">
      <Filter>VoxelRenderer\Raycaster\Structures</Filter>
    </ClInclude>
    <ClInclude Include="..\..\Code\VoxelRenderer\Application\Light\LightModule.h">
      <Filter>VoxelRenderer\Application\Light</Filter>
    </ClInclude>
    <ClInclude Include="..\..\Code\VoxelRenderer\Application\Light\LightConstants.h">
      <Filter>VoxelRenderer\Application\Light</Filter>
    </ClInclude>
  </ItemGroup>
  <ItemGroup>
    <FxCompile Include="..\..\WorkingDir\Shaders\RendererTest.hlsl">
      <Filter>Shaders</Filter>
    </FxCompile>
    <FxCompile Include="..\..\WorkingDir\Shaders\FullscreenTriangleVS.hlsl">
      <Filter>Shaders</Filter>
    </FxCompile>
    <FxCompile Include="..\..\WorkingDir\Shaders\BlitPS.hlsl">
      <Filter>Shaders</Filter>
    </FxCompile>
    <FxCompile Include="..\..\WorkingDir\Shaders\RaycasterGPU\Raycaster.hlsl">
      <Filter>Shaders\RaycasterGPU</Filter>
    </FxCompile>
    <FxCompile Include="..\..\WorkingDir\Shaders\RaycasterGPU\Declarations.hlsl">
      <Filter>Shaders\RaycasterGPU</Filter>
    </FxCompile>
    <FxCompile Include="..\..\WorkingDir\Shaders\RaycasterGPU\Camera.hlsl">
      <Filter>Shaders\RaycasterGPU</Filter>
    </FxCompile>
    <FxCompile Include="..\..\WorkingDir\Shaders\RaycasterGPU\SimpleColor.hlsl">
      <Filter>Shaders\RaycasterGPU</Filter>
    </FxCompile>
    <FxCompile Include="..\..\WorkingDir\Shaders\RaycasterGPU\Normals.hlsl">
      <Filter>Shaders\RaycasterGPU</Filter>
    </FxCompile>
    <FxCompile Include="..\..\WorkingDir\Shaders\ShellMesh\ShellMeshVS.hlsl">
      <Filter>Shaders\ShellMesh</Filter>
    </FxCompile>
    <FxCompile Include="..\..\WorkingDir\Shaders\ShellMesh\ShellMeshPS.hlsl">
      <Filter>Shaders\ShellMesh</Filter>
    </FxCompile>
    <FxCompile Include="..\..\WorkingDir\Shaders\ShellMesh\ShellMeshWeightsPS.hlsl">
      <Filter>Shaders\ShellMesh</Filter>
    </FxCompile>
    <FxCompile Include="..\..\WorkingDir\Shaders\ShellMesh\ShellMeshAnimPS.hlsl">
      <Filter>Shaders\ShellMesh</Filter>
    </FxCompile>
    <FxCompile Include="..\..\WorkingDir\Shaders\ShellMesh\ShellMeshAnimVS.hlsl">
      <Filter>Shaders\ShellMesh</Filter>
    </FxCompile>
    <FxCompile Include="..\..\WorkingDir\Shaders\ShellMesh\ShellMeshPaintWeightsPS.hlsl">
      <Filter>Shaders\ShellMesh</Filter>
    </FxCompile>
    <FxCompile Include="..\..\WorkingDir\Shaders\ShellMesh\ShellMeshPaintWeightsVS.hlsl">
      <Filter>Shaders\ShellMesh</Filter>
    </FxCompile>
    <FxCompile Include="..\..\WorkingDir\Shaders\Shading\PhongShading.hlsl">
      <Filter>Shaders\Shading</Filter>
    </FxCompile>
    <FxCompile Include="..\..\WorkingDir\Shaders\RaycasterGPU\PhongColor.hlsl">
      <Filter>Shaders\RaycasterGPU</Filter>
    </FxCompile>
    <FxCompile Include="..\..\WorkingDir\Shaders\ShellMesh\ShellMeshAnimGS.hlsl">
      <Filter>Shaders\ShellMesh</Filter>
    </FxCompile>
    <FxCompile Include="..\..\WorkingDir\Shaders\Tools\MatrixInverse.hlsl">
      <Filter>Shaders\Tools</Filter>
    </FxCompile>
  </ItemGroup>
  <ItemGroup>
    <None Include="..\..\Code\VoxelRenderer\ShellMesh\FbxLoader.inl">
      <Filter>VoxelRenderer\ShellMesh</Filter>
    </None>
  </ItemGroup>
</Project>