<?xml version="1.0" encoding="utf-8"?>
<Project ToolsVersion="4.0" xmlns="http://schemas.microsoft.com/developer/msbuild/2003">
  <ItemGroup>
    <Filter Include="Tests">
      <UniqueIdentifier>{0264d9af-feea-4477-b7b0-ebfaab9453d9}</UniqueIdentifier>
    </Filter>
  </ItemGroup>
  <ItemGroup>
    <ClCompile Include="..\..\..\..\Tests\FileSystemTest\PathTest.cpp">
      <Filter>Tests</Filter>
    </ClCompile>
  </ItemGroup>
</Project>